# THIS IS AN AUTOGENERATED FILE. DO NOT EDIT THIS FILE DIRECTLY.
# yarn lockfile v1


"@babel/runtime@^7.16.3", "@babel/runtime@^7.17.2":
  "integrity" "sha512-hzeyJyMA1YGdJTuWU0e/j4wKXrU4OMFvY2MSlaI9B7VQb0r5cxTE3EAIS2Q7Tn2RIcDkRvTA/v2JsAEhxe99uw=="
  "resolved" "https://registry.npmjs.org/@babel/runtime/-/runtime-7.17.2.tgz"
  "version" "7.17.2"
  dependencies:
    "regenerator-runtime" "^0.13.4"

"@noble/hashes@1.0.0":
  "integrity" "sha512-DZVbtY62kc3kkBtMHqwCOfXrT/hnoORy5BJ4+HU1IR59X0KWAOqsfzQPcUl/lQLlG7qXbe/fZ3r/emxtAl+sqg=="
  "resolved" "https://registry.npmjs.org/@noble/hashes/-/hashes-1.0.0.tgz"
  "version" "1.0.0"

"@noble/secp256k1@1.5.2":
  "integrity" "sha512-5mzA40W2q55VCRuC9XzmkiEnODdY0c5a7qsK2QcOfI5/MuVQyBaWGQyE6YOEF7kDwp+tDVWGsCDVJUME+wsWWw=="
  "resolved" "https://registry.npmjs.org/@noble/secp256k1/-/secp256k1-1.5.2.tgz"
  "version" "1.5.2"

"@polkadot/api-augment@7.11.1":
  "integrity" "sha512-CqtmRZsr7va45r/wnsH+NZMqPyUQv46fmiHxt5gq6NC4p0ziDEVVDDHLlABx5RhQzCvdiBAccZ/X8DyMCFFGEA=="
  "resolved" "https://registry.npmjs.org/@polkadot/api-augment/-/api-augment-7.11.1.tgz"
  "version" "7.11.1"
  dependencies:
    "@babel/runtime" "^7.17.2"
    "@polkadot/api-base" "7.11.1"
    "@polkadot/rpc-augment" "7.11.1"
    "@polkadot/types" "7.11.1"
    "@polkadot/types-augment" "7.11.1"
    "@polkadot/types-codec" "7.11.1"
    "@polkadot/util" "^8.4.1"

"@polkadot/api-base@7.11.1":
  "integrity" "sha512-MATI9tm0x3rRlipLMevWzJ4cGvMyrUGyOfwjMg3Z67U7atZgZ93LzowjzDcvSgFVM14d1tBOVWBKkCKnk7C6Zg=="
  "resolved" "https://registry.npmjs.org/@polkadot/api-base/-/api-base-7.11.1.tgz"
  "version" "7.11.1"
  dependencies:
    "@babel/runtime" "^7.17.2"
    "@polkadot/rpc-core" "7.11.1"
    "@polkadot/types" "7.11.1"
    "@polkadot/util" "^8.4.1"
    "rxjs" "^7.5.4"

"@polkadot/api-derive@7.11.1":
  "integrity" "sha512-py7pqs5mLaKPNDvRZ7BcUC7obsbLIuzJT/kZFiGzJXmaObSzU2lJkGD7fV34QlpmGP+Bqb4KtlhtY+Tnq33C0w=="
  "resolved" "https://registry.npmjs.org/@polkadot/api-derive/-/api-derive-7.11.1.tgz"
  "version" "7.11.1"
  dependencies:
    "@babel/runtime" "^7.17.2"
    "@polkadot/api" "7.11.1"
    "@polkadot/api-augment" "7.11.1"
    "@polkadot/api-base" "7.11.1"
    "@polkadot/rpc-core" "7.11.1"
    "@polkadot/types" "7.11.1"
    "@polkadot/types-codec" "7.11.1"
    "@polkadot/util" "^8.4.1"
    "@polkadot/util-crypto" "^8.4.1"
    "rxjs" "^7.5.4"

"@polkadot/api@^7.11.1", "@polkadot/api@7.11.1":
  "integrity" "sha512-VTrhVuSJrWhIww1ofYPd7EhJd1UwKntfdPNRuy/abfb6GPzYCglKV6Sze3CsbI2KawC5oo1K7Ffrdf/lJy81kg=="
  "resolved" "https://registry.npmjs.org/@polkadot/api/-/api-7.11.1.tgz"
  "version" "7.11.1"
  dependencies:
    "@babel/runtime" "^7.17.2"
    "@polkadot/api-augment" "7.11.1"
    "@polkadot/api-base" "7.11.1"
    "@polkadot/api-derive" "7.11.1"
    "@polkadot/keyring" "^8.4.1"
    "@polkadot/rpc-augment" "7.11.1"
    "@polkadot/rpc-core" "7.11.1"
    "@polkadot/rpc-provider" "7.11.1"
    "@polkadot/types" "7.11.1"
    "@polkadot/types-augment" "7.11.1"
    "@polkadot/types-codec" "7.11.1"
    "@polkadot/types-create" "7.11.1"
    "@polkadot/types-known" "7.11.1"
    "@polkadot/util" "^8.4.1"
    "@polkadot/util-crypto" "^8.4.1"
    "eventemitter3" "^4.0.7"
    "rxjs" "^7.5.4"

"@polkadot/keyring@^8.4.1":
  "integrity" "sha512-0qfS7qikUxhe6LEdCOcMRdCxEa26inJ5aSUWaf5dXy+dgy9VJiov6uXAbXdAd1UHpDvr9hvw94FX+hXsJ7Vsyw=="
  "resolved" "https://registry.npmjs.org/@polkadot/keyring/-/keyring-8.4.1.tgz"
  "version" "8.4.1"
  dependencies:
    "@babel/runtime" "^7.17.2"
    "@polkadot/util" "8.4.1"
    "@polkadot/util-crypto" "8.4.1"

"@polkadot/networks@^8.4.1", "@polkadot/networks@8.4.1":
  "integrity" "sha512-YFY3fPLbc1Uz9zsX4TOzjY/FF09nABMgrMkvqddrVbSgo71NvoBv3Gqw3mKV/7bX1Gzk1ODfvTzamdpsKEWSnA=="
  "resolved" "https://registry.npmjs.org/@polkadot/networks/-/networks-8.4.1.tgz"
  "version" "8.4.1"
  dependencies:
    "@babel/runtime" "^7.17.2"
    "@polkadot/util" "8.4.1"
    "@substrate/ss58-registry" "^1.14.0"

"@polkadot/rpc-augment@7.11.1":
  "integrity" "sha512-cP/g6dM5Rmdeno+sOi/PBvAEycRoi/UI1MOKb0lVhlFJayw/uyGOhHtPKOnLh2fyDJ/q66HO3pu6aem3ORFwhQ=="
  "resolved" "https://registry.npmjs.org/@polkadot/rpc-augment/-/rpc-augment-7.11.1.tgz"
  "version" "7.11.1"
  dependencies:
    "@babel/runtime" "^7.17.2"
    "@polkadot/rpc-core" "7.11.1"
    "@polkadot/types" "7.11.1"
    "@polkadot/types-codec" "7.11.1"
    "@polkadot/util" "^8.4.1"

"@polkadot/rpc-core@7.11.1":
  "integrity" "sha512-Bp71BwOSPT4/xmYWn9e9/ikGKYYmltbceVwa0MJiuKI0Xd5YntjtJVov17Fqlt+eddkLGt74750paykvHDJWWQ=="
  "resolved" "https://registry.npmjs.org/@polkadot/rpc-core/-/rpc-core-7.11.1.tgz"
  "version" "7.11.1"
  dependencies:
    "@babel/runtime" "^7.17.2"
    "@polkadot/rpc-augment" "7.11.1"
    "@polkadot/rpc-provider" "7.11.1"
    "@polkadot/types" "7.11.1"
    "@polkadot/util" "^8.4.1"
    "rxjs" "^7.5.4"

"@polkadot/rpc-provider@7.11.1":
  "integrity" "sha512-07Mg+r9swMjNISDK8ntDI5gFZU8rtHeoB27/qQwZzcWugogva8rNhaInBikZPKlF7yxM6l2VMaQnOziKUNsnRw=="
  "resolved" "https://registry.npmjs.org/@polkadot/rpc-provider/-/rpc-provider-7.11.1.tgz"
  "version" "7.11.1"
  dependencies:
    "@babel/runtime" "^7.17.2"
    "@polkadot/keyring" "^8.4.1"
    "@polkadot/types" "7.11.1"
    "@polkadot/types-support" "7.11.1"
    "@polkadot/util" "^8.4.1"
    "@polkadot/util-crypto" "^8.4.1"
    "@polkadot/x-fetch" "^8.4.1"
    "@polkadot/x-global" "^8.4.1"
    "@polkadot/x-ws" "^8.4.1"
    "eventemitter3" "^4.0.7"
    "mock-socket" "^9.1.2"
    "nock" "^13.2.4"

"@polkadot/types-augment@7.11.1":
  "integrity" "sha512-jCnZ/eMkLaqSKl5q4JwBxslhAaJSSNHt04reZRs1i2jlC2UVgiFN1Rr5GJmHYAwDPoFcge/rAm6bckfhXUIdOw=="
  "resolved" "https://registry.npmjs.org/@polkadot/types-augment/-/types-augment-7.11.1.tgz"
  "version" "7.11.1"
  dependencies:
    "@babel/runtime" "^7.17.2"
    "@polkadot/types" "7.11.1"
    "@polkadot/types-codec" "7.11.1"
    "@polkadot/util" "^8.4.1"

"@polkadot/types-codec@7.11.1":
  "integrity" "sha512-rDM/FYcnou2Chy+urd7U41lcjM6jWUEUydyP9NuTOSAamCGtH0eKw52GURKTsKTT5r8wJdPMKv/yNxs1i+l5Lw=="
  "resolved" "https://registry.npmjs.org/@polkadot/types-codec/-/types-codec-7.11.1.tgz"
  "version" "7.11.1"
  dependencies:
    "@babel/runtime" "^7.17.2"
    "@polkadot/util" "^8.4.1"

"@polkadot/types-create@7.11.1":
  "integrity" "sha512-nVYaJC/IDsM4WM9WGjAI7qQ9scPSlBqqzwqLdvXCJeq3trOTt68x39DD0zp0hzJ/7MeXjPToDDWjpAF0B9mWSQ=="
  "resolved" "https://registry.npmjs.org/@polkadot/types-create/-/types-create-7.11.1.tgz"
  "version" "7.11.1"
  dependencies:
    "@babel/runtime" "^7.17.2"
    "@polkadot/types-codec" "7.11.1"
    "@polkadot/util" "^8.4.1"

"@polkadot/types-known@7.11.1":
  "integrity" "sha512-BBqQxG7I+wUjeLby1u5p9aSoZ5Vy0oCwmm/aKN64JH9vBEz1OOA0pRdcCooGCG/884Wb5pRpacWTepQMQkOTLw=="
  "resolved" "https://registry.npmjs.org/@polkadot/types-known/-/types-known-7.11.1.tgz"
  "version" "7.11.1"
  dependencies:
    "@babel/runtime" "^7.17.2"
    "@polkadot/networks" "^8.4.1"
    "@polkadot/types" "7.11.1"
    "@polkadot/types-codec" "7.11.1"
    "@polkadot/types-create" "7.11.1"
    "@polkadot/util" "^8.4.1"

"@polkadot/types-support@7.11.1":
  "integrity" "sha512-pJmDUHK7DOO6mjpntxq9Lq0tjvqwc15FrrrNbuENgRiOueRqcAlzv+V80wdzoIBUwINgKphtpzu+rdQIYsVVQg=="
  "resolved" "https://registry.npmjs.org/@polkadot/types-support/-/types-support-7.11.1.tgz"
  "version" "7.11.1"
  dependencies:
    "@babel/runtime" "^7.17.2"
    "@polkadot/util" "^8.4.1"

"@polkadot/types@7.11.1":
  "integrity" "sha512-jxVrxIbsSfH9xK1Q3vaCfJmbkm0OlvoXz0GxdP5RJ7dQnxlNYWQUXanFkKebbRL8gSEs1wSRVccil/TSH65Nvg=="
  "resolved" "https://registry.npmjs.org/@polkadot/types/-/types-7.11.1.tgz"
  "version" "7.11.1"
  dependencies:
    "@babel/runtime" "^7.17.2"
    "@polkadot/keyring" "^8.4.1"
    "@polkadot/types-augment" "7.11.1"
    "@polkadot/types-codec" "7.11.1"
    "@polkadot/types-create" "7.11.1"
    "@polkadot/util" "^8.4.1"
    "@polkadot/util-crypto" "^8.4.1"
    "rxjs" "^7.5.4"

"@polkadot/util-crypto@^8.4.1", "@polkadot/util-crypto@8.4.1":
  "integrity" "sha512-mWjp83aIWw+EhKN9RkUDmubXibo25q5yHJl4BGm2gT71yTZcABB7q1SGfpDqLH9AB3eXJiutqhC4L3SH7YZ+6Q=="
  "resolved" "https://registry.npmjs.org/@polkadot/util-crypto/-/util-crypto-8.4.1.tgz"
  "version" "8.4.1"
  dependencies:
    "@babel/runtime" "^7.17.2"
    "@noble/hashes" "1.0.0"
    "@noble/secp256k1" "1.5.2"
    "@polkadot/networks" "8.4.1"
    "@polkadot/util" "8.4.1"
    "@polkadot/wasm-crypto" "^4.5.1"
    "@polkadot/x-bigint" "8.4.1"
    "@polkadot/x-randomvalues" "8.4.1"
    "@scure/base" "1.0.0"
    "ed2curve" "^0.3.0"
    "tweetnacl" "^1.0.3"

"@polkadot/util@*", "@polkadot/util@^8.4.1", "@polkadot/util@8.4.1":
  "integrity" "sha512-8+wqHgFbFWI5TfrvtcL888w0nWvFpbTTYIcbpEw+zYGp3n1YZTAMMP26bXWAaQX5AttxynJRij7JP3ySxYY1fg=="
  "resolved" "https://registry.npmjs.org/@polkadot/util/-/util-8.4.1.tgz"
  "version" "8.4.1"
  dependencies:
    "@babel/runtime" "^7.17.2"
    "@polkadot/x-bigint" "8.4.1"
    "@polkadot/x-global" "8.4.1"
    "@polkadot/x-textdecoder" "8.4.1"
    "@polkadot/x-textencoder" "8.4.1"
    "@types/bn.js" "^5.1.0"
    "bn.js" "^5.2.0"
    "ip-regex" "^4.3.0"

"@polkadot/wasm-crypto-asmjs@^4.5.1":
  "integrity" "sha512-DOdRiWhxVvmqTvp+E9z1j+Yr0zDOGsDvqnT/eNw0Dl1FVUOImsEa7FKns/urASmcxCVEE1jtUWSnij29jrORMQ=="
  "resolved" "https://registry.npmjs.org/@polkadot/wasm-crypto-asmjs/-/wasm-crypto-asmjs-4.5.1.tgz"
  "version" "4.5.1"
  dependencies:
    "@babel/runtime" "^7.16.3"

"@polkadot/wasm-crypto-wasm@^4.5.1":
  "integrity" "sha512-hPwke85HxpgG/RAlwdCE8u5w7bThvWg399mlB+XjogXMxOUWBZSgq2XYbgzROUXx27inK9nStF4Pnc4zJnqs9A=="
  "resolved" "https://registry.npmjs.org/@polkadot/wasm-crypto-wasm/-/wasm-crypto-wasm-4.5.1.tgz"
  "version" "4.5.1"
  dependencies:
    "@babel/runtime" "^7.16.3"

"@polkadot/wasm-crypto@^4.5.1":
  "integrity" "sha512-Cr21ais3Kq3aedIHZ3J1tjgeD/+K8FCiwEawr0oRywNBSJR8wyuZMePs4swR/6xm8wbBkpqoBVHz/UQHqqQJmA=="
  "resolved" "https://registry.npmjs.org/@polkadot/wasm-crypto/-/wasm-crypto-4.5.1.tgz"
  "version" "4.5.1"
  dependencies:
    "@babel/runtime" "^7.16.3"
    "@polkadot/wasm-crypto-asmjs" "^4.5.1"
    "@polkadot/wasm-crypto-wasm" "^4.5.1"

"@polkadot/x-bigint@8.4.1":
  "integrity" "sha512-QVP0UMoM0nBD998s3ESeaoSiVMEnHK3x0CCqocKO4l7ADNw8lfWdDG7Bb0+ymNaFYGz2KgEWxkN0VhNEnXzo0w=="
  "resolved" "https://registry.npmjs.org/@polkadot/x-bigint/-/x-bigint-8.4.1.tgz"
  "version" "8.4.1"
  dependencies:
    "@babel/runtime" "^7.17.2"
    "@polkadot/x-global" "8.4.1"

"@polkadot/x-fetch@^8.4.1":
  "integrity" "sha512-DPkgXZYt1B4xCzEw/3hxRc4/lR+NEr/b/GYijSPM8UsVoEKqHWTx2qCXrxvmKh1WD9reQ+oUACPVjRcBz5bs+g=="
  "resolved" "https://registry.npmjs.org/@polkadot/x-fetch/-/x-fetch-8.4.1.tgz"
  "version" "8.4.1"
  dependencies:
    "@babel/runtime" "^7.17.2"
    "@polkadot/x-global" "8.4.1"
    "@types/node-fetch" "^2.5.12"
    "node-fetch" "^2.6.7"

"@polkadot/x-global@^8.4.1", "@polkadot/x-global@8.4.1":
  "integrity" "sha512-MQs89LKQrJwiXjV7dY2kDOPNaiWrwaQ/Fzg93ycB2xMCclRV1jRFRhnhTPJ8Ao79lhCCoazd7pXIyFgfifxdqg=="
  "resolved" "https://registry.npmjs.org/@polkadot/x-global/-/x-global-8.4.1.tgz"
  "version" "8.4.1"
  dependencies:
    "@babel/runtime" "^7.17.2"

"@polkadot/x-randomvalues@*", "@polkadot/x-randomvalues@8.4.1":
  "integrity" "sha512-1dRIFIib4RzyVo0k5oMLuxqSuZEV6UVvvN+jJw9G/9P1ggZtHjM1KwoFcyHgvpk2RWTB9eJZFemwSvQTpdmSJw=="
  "resolved" "https://registry.npmjs.org/@polkadot/x-randomvalues/-/x-randomvalues-8.4.1.tgz"
  "version" "8.4.1"
  dependencies:
    "@babel/runtime" "^7.17.2"
    "@polkadot/x-global" "8.4.1"

"@polkadot/x-textdecoder@8.4.1":
  "integrity" "sha512-qbSXyR2KvE1bO6QGsxWU3Yrx5e70rX2lwv0MHG++MyyNaDoBM3hjx14lF911bYRWXR6MW4eZ+0Nakn0oM5uSKw=="
  "resolved" "https://registry.npmjs.org/@polkadot/x-textdecoder/-/x-textdecoder-8.4.1.tgz"
  "version" "8.4.1"
  dependencies:
    "@babel/runtime" "^7.17.2"
    "@polkadot/x-global" "8.4.1"

"@polkadot/x-textencoder@8.4.1":
  "integrity" "sha512-1UYuckNOk6NUk70Y/SGbK8oyGbqPlrny1x2OWoK/BT3/tyL2xKVV5TlXDOiFrX1PChbskXye5M8blCTYikFiJg=="
  "resolved" "https://registry.npmjs.org/@polkadot/x-textencoder/-/x-textencoder-8.4.1.tgz"
  "version" "8.4.1"
  dependencies:
    "@babel/runtime" "^7.17.2"
    "@polkadot/x-global" "8.4.1"

"@polkadot/x-ws@^8.4.1":
  "integrity" "sha512-u9rsJdVrBkSARy8BhJPho1yMMBSiI/Z/W8ZQRr1I28/QOwl02VYktFpFWWrhkBHsL9JlZ0wfnyKBPXrw8Wp2Vw=="
  "resolved" "https://registry.npmjs.org/@polkadot/x-ws/-/x-ws-8.4.1.tgz"
  "version" "8.4.1"
  dependencies:
    "@babel/runtime" "^7.17.2"
    "@polkadot/x-global" "8.4.1"
    "@types/websocket" "^1.0.5"
    "websocket" "^1.0.34"

"@scure/base@1.0.0":
  "integrity" "sha512-gIVaYhUsy+9s58m/ETjSJVKHhKTBMmcRb9cEV5/5dwvfDlfORjKrFsDeDHWRrm6RjcPvCLZFwGJjAjLj1gg4HA=="
  "resolved" "https://registry.npmjs.org/@scure/base/-/base-1.0.0.tgz"
  "version" "1.0.0"

"@slack/logger@^3.0.0":
  "integrity" "sha512-DTuBFbqu4gGfajREEMrkq5jBhcnskinhr4+AnfJEk48zhVeEv3XnUKGIX98B74kxhYsIMfApGGySTn7V3b5yBA=="
  "resolved" "https://registry.npmjs.org/@slack/logger/-/logger-3.0.0.tgz"
  "version" "3.0.0"
  dependencies:
    "@types/node" ">=12.0.0"

"@slack/types@^2.0.0":
  "integrity" "sha512-0k8UlVEH9gUVwTbwcanS1JT2vCROkr1WESgdXW7d2maWYTuwbVEx87YvXPjsemAJfdu+RYqxGhO2oGTigprepA=="
  "resolved" "https://registry.npmjs.org/@slack/types/-/types-2.4.0.tgz"
  "version" "2.4.0"

"@slack/web-api@^6.6.0":
  "integrity" "sha512-4z8tBBIQFojH9uSrsmnI0pGDpOZmJ3UO+Ewwtj3SfkokAUJz3d2dSH5sPk9jKcGfx39e34LoJ+l1YSavvHQeeg=="
  "resolved" "https://registry.npmjs.org/@slack/web-api/-/web-api-6.6.0.tgz"
  "version" "6.6.0"
  dependencies:
    "@slack/logger" "^3.0.0"
    "@slack/types" "^2.0.0"
    "@types/is-stream" "^1.1.0"
    "@types/node" ">=12.0.0"
    "axios" "^0.25.0"
    "eventemitter3" "^3.1.0"
    "form-data" "^2.5.0"
    "is-electron" "2.2.0"
    "is-stream" "^1.1.0"
    "p-queue" "^6.6.1"
    "p-retry" "^4.0.0"

"@substrate/ss58-registry@^1.14.0":
  "integrity" "sha512-UU5uN8HEp0NM22od6kHWLltX0McQPgPX6O3gj7fSf1mMExsCS5fzW88gv1WaVaT8Q+umvGgnIAF7+Tvp8fqTFw=="
  "resolved" "https://registry.npmjs.org/@substrate/ss58-registry/-/ss58-registry-1.15.0.tgz"
  "version" "1.15.0"

"@types/bn.js@^5.1.0":
  "integrity" "sha512-QSSVYj7pYFN49kW77o2s9xTCwZ8F2xLbjLLSEVh8D2F4JUhZtPAGOFLTD+ffqksBx/u4cE/KImFjyhqCjn/LIA=="
  "resolved" "https://registry.npmjs.org/@types/bn.js/-/bn.js-5.1.0.tgz"
  "version" "5.1.0"
  dependencies:
    "@types/node" "*"

"@types/is-stream@^1.1.0":
  "integrity" "sha512-jkZatu4QVbR60mpIzjINmtS1ZF4a/FqdTUTBeQDVOQ2PYyidtwFKr0B5G6ERukKwliq+7mIXvxyppwzG5EgRYg=="
  "resolved" "https://registry.npmjs.org/@types/is-stream/-/is-stream-1.1.0.tgz"
  "version" "1.1.0"
  dependencies:
    "@types/node" "*"

"@types/node-fetch@^2.5.12":
  "integrity" "sha512-oMqjURCaxoSIsHSr1E47QHzbmzNR5rK8McHuNb11BOM9cHcIK3Avy0s/b2JlXHoQGTYS3NsvWzV1M0iK7l0wbA=="
  "resolved" "https://registry.npmjs.org/@types/node-fetch/-/node-fetch-2.6.1.tgz"
  "version" "2.6.1"
  dependencies:
    "@types/node" "*"
    "form-data" "^3.0.0"

"@types/node@*", "@types/node@>=12.0.0":
  "integrity" "sha512-ydLaGVfQOQ6hI1xK2A5nVh8bl0OGoIfYMxPWHqqYe9bTkWCfqiVvZoh2I/QF2sNSkZzZyROBoTefIEI+PB6iIA=="
  "resolved" "https://registry.npmjs.org/@types/node/-/node-17.0.16.tgz"
  "version" "17.0.16"

"@types/retry@^0.12.0":
  "integrity" "sha512-xoDlM2S4ortawSWORYqsdU+2rxdh4LRW9ytc3zmT37RIKQh6IHyKwwtKhKis9ah8ol07DCkZxPt8BBvPjC6v4g=="
  "resolved" "https://registry.npmjs.org/@types/retry/-/retry-0.12.1.tgz"
  "version" "0.12.1"

"@types/websocket@^1.0.5":
  "integrity" "sha512-NbsqiNX9CnEfC1Z0Vf4mE1SgAJ07JnRYcNex7AJ9zAVzmiGHmjKFEk7O4TJIsgv2B1sLEb6owKFZrACwdYngsQ=="
  "resolved" "https://registry.npmjs.org/@types/websocket/-/websocket-1.0.5.tgz"
  "version" "1.0.5"
  dependencies:
    "@types/node" "*"

"asynckit@^0.4.0":
  "integrity" "sha1-x57Zf380y48robyXkLzDZkdLS3k="
  "resolved" "https://registry.npmjs.org/asynckit/-/asynckit-0.4.0.tgz"
  "version" "0.4.0"

"axios@^0.25.0":
  "integrity" "sha512-cD8FOb0tRH3uuEe6+evtAbgJtfxr7ly3fQjYcMcuPlgkwVS9xboaVIpcDV+cYQe+yGykgwZCs1pzjntcGa6l5g=="
  "resolved" "https://registry.npmjs.org/axios/-/axios-0.25.0.tgz"
  "version" "0.25.0"
  dependencies:
    "follow-redirects" "^1.14.7"

"bn.js@^5.2.0":
  "integrity" "sha512-D7iWRBvnZE8ecXiLj/9wbxH7Tk79fAh8IHaTNq1RWRixsS02W+5qS+iE9yq6RYl0asXx5tw0bLhmT5pIfbSquw=="
  "resolved" "https://registry.npmjs.org/bn.js/-/bn.js-5.2.0.tgz"
  "version" "5.2.0"

"bufferutil@^4.0.1":
  "integrity" "sha512-jduaYOYtnio4aIAyc6UbvPCVcgq7nYpVnucyxr6eCYg/Woad9Hf/oxxBRDnGGjPfjUm6j5O/uBWhIu4iLebFaw=="
  "resolved" "https://registry.npmjs.org/bufferutil/-/bufferutil-4.0.6.tgz"
  "version" "4.0.6"
  dependencies:
    "node-gyp-build" "^4.3.0"

"combined-stream@^1.0.6", "combined-stream@^1.0.8":
  "integrity" "sha512-FQN4MRfuJeHf7cBbBMJFXhKSDq+2kAArBlmRBvcvFE5BB1HZKXtSFASDhdlz9zOYwxh8lDdnvmMOe/+5cdoEdg=="
  "resolved" "https://registry.npmjs.org/combined-stream/-/combined-stream-1.0.8.tgz"
  "version" "1.0.8"
  dependencies:
    "delayed-stream" "~1.0.0"

"d@^1.0.1", "d@1":
  "integrity" "sha512-m62ShEObQ39CfralilEQRjH6oAMtNCV1xJyEx5LpRYUVN+EviphDgUc/F3hnYbADmkiNs67Y+3ylmlG7Lnu+FA=="
  "resolved" "https://registry.npmjs.org/d/-/d-1.0.1.tgz"
  "version" "1.0.1"
  dependencies:
    "es5-ext" "^0.10.50"
    "type" "^1.0.1"

"data-uri-to-buffer@^4.0.0":
  "integrity" "sha512-Vr3mLBA8qWmcuschSLAOogKgQ/Jwxulv3RNE4FXnYWRGujzrRWQI4m12fQqRkwX06C0KanhLr4hK+GydchZsaA=="
  "resolved" "https://registry.npmjs.org/data-uri-to-buffer/-/data-uri-to-buffer-4.0.0.tgz"
  "version" "4.0.0"

"debug@^2.2.0":
  "integrity" "sha512-bC7ElrdJaJnPbAP+1EotYvqZsb3ecl5wi6Bfi6BJTUcNowp6cvspg0jXznRTKDjm/E7AdgFBVeAPVMNcKGsHMA=="
  "resolved" "https://registry.npmjs.org/debug/-/debug-2.6.9.tgz"
  "version" "2.6.9"
  dependencies:
    "ms" "2.0.0"

"debug@^4.1.0":
  "integrity" "sha512-/zxw5+vh1Tfv+4Qn7a5nsbcJKPaSvCDhojn6FEl9vupwK2VCSDtEiEtqr8DFtzYFOdz63LBkxec7DYuc2jon6Q=="
  "resolved" "https://registry.npmjs.org/debug/-/debug-4.3.3.tgz"
  "version" "4.3.3"
  dependencies:
    "ms" "2.1.2"

"delayed-stream@~1.0.0":
  "integrity" "sha1-3zrhmayt+31ECqrgsp4icrJOxhk="
  "resolved" "https://registry.npmjs.org/delayed-stream/-/delayed-stream-1.0.0.tgz"
  "version" "1.0.0"

"ed2curve@^0.3.0":
  "integrity" "sha512-8w2fmmq3hv9rCrcI7g9hms2pMunQr1JINfcjwR9tAyZqhtyaMN991lF/ZfHfr5tzZQ8c7y7aBgZbjfbd0fjFwQ=="
  "resolved" "https://registry.npmjs.org/ed2curve/-/ed2curve-0.3.0.tgz"
  "version" "0.3.0"
  dependencies:
    "tweetnacl" "1.x.x"

"es5-ext@^0.10.35", "es5-ext@^0.10.50":
  "integrity" "sha512-YUhqzoMnIjMW5y8FzaMxsCu0eWCwq32GrlwhOhbQmL5OiZReWFm/KvRiYuvqf3CaG/zZ36Kyb4KfVe674cafCQ=="
  "resolved" "https://registry.npmjs.org/es5-ext/-/es5-ext-0.10.56.tgz"
  "version" "0.10.56"
  dependencies:
    "es6-iterator" "^2.0.3"
    "es6-symbol" "^3.1.3"
    "next-tick" "^1.1.0"

"es6-iterator@^2.0.3":
  "integrity" "sha1-p96IkUGgWpSwhUQDstCg+/qY87c="
  "resolved" "https://registry.npmjs.org/es6-iterator/-/es6-iterator-2.0.3.tgz"
  "version" "2.0.3"
  dependencies:
    "d" "1"
    "es5-ext" "^0.10.35"
    "es6-symbol" "^3.1.1"

"es6-symbol@^3.1.1", "es6-symbol@^3.1.3":
  "integrity" "sha512-NJ6Yn3FuDinBaBRWl/q5X/s4koRHBrgKAu+yGI6JCBeiu3qrcbJhwT2GeR/EXVfylRk8dpQVJoLEFhK+Mu31NA=="
  "resolved" "https://registry.npmjs.org/es6-symbol/-/es6-symbol-3.1.3.tgz"
  "version" "3.1.3"
  dependencies:
    "d" "^1.0.1"
    "ext" "^1.1.2"

"eventemitter3@^3.1.0":
  "integrity" "sha512-tvtQIeLVHjDkJYnzf2dgVMxfuSGJeM/7UCG17TT4EumTfNtF+0nebF/4zWOIkCreAbtNqhGEboB6BWrwqNaw4Q=="
  "resolved" "https://registry.npmjs.org/eventemitter3/-/eventemitter3-3.1.2.tgz"
  "version" "3.1.2"

"eventemitter3@^4.0.4", "eventemitter3@^4.0.7":
  "integrity" "sha512-8guHBZCwKnFhYdHr2ysuRWErTwhoN2X8XELRlrRwpmfeY2jjuUN4taQMsULKUVo1K4DvZl+0pgfyoysHxvmvEw=="
  "resolved" "https://registry.npmjs.org/eventemitter3/-/eventemitter3-4.0.7.tgz"
  "version" "4.0.7"

"ext@^1.1.2":
  "integrity" "sha512-sdBImtzkq2HpkdRLtlLWDa6w4DX22ijZLKx8BMPUuKe1c5lbN6xwQDQCxSfxBQnHZ13ls/FH0MQZx/q/gr6FQg=="
  "resolved" "https://registry.npmjs.org/ext/-/ext-1.6.0.tgz"
  "version" "1.6.0"
  dependencies:
    "type" "^2.5.0"

"fetch-blob@^3.1.2", "fetch-blob@^3.1.4":
  "integrity" "sha512-Eq5Xv5+VlSrYWEqKrusxY1C3Hm/hjeAsCGVG3ft7pZahlUAChpGZT/Ms1WmSLnEAisEXszjzu/s+ce6HZB2VHA=="
  "resolved" "https://registry.npmjs.org/fetch-blob/-/fetch-blob-3.1.4.tgz"
  "version" "3.1.4"
  dependencies:
    "node-domexception" "^1.0.0"
    "web-streams-polyfill" "^3.0.3"

"follow-redirects@^1.14.7":
  "integrity" "sha512-+hbxoLbFMbRKDwohX8GkTataGqO6Jb7jGwpAlwgy2bIz25XtRm7KEzJM76R1WiNT5SwZkX4Y75SwBolkpmE7iQ=="
  "resolved" "https://registry.npmjs.org/follow-redirects/-/follow-redirects-1.14.7.tgz"
  "version" "1.14.7"

"form-data@^2.5.0":
  "integrity" "sha512-m21N3WOmEEURgk6B9GLOE4RuWOFf28Lhh9qGYeNlGq4VDXUlJy2th2slBNU8Gp8EzloYZOibZJ7t5ecIrFSjVA=="
  "resolved" "https://registry.npmjs.org/form-data/-/form-data-2.5.1.tgz"
  "version" "2.5.1"
  dependencies:
    "asynckit" "^0.4.0"
    "combined-stream" "^1.0.6"
    "mime-types" "^2.1.12"

"form-data@^3.0.0":
  "integrity" "sha512-RHkBKtLWUVwd7SqRIvCZMEvAMoGUp0XU+seQiZejj0COz3RI3hWP4sCv3gZWWLjJTd7rGwcsF5eKZGii0r/hbg=="
  "resolved" "https://registry.npmjs.org/form-data/-/form-data-3.0.1.tgz"
  "version" "3.0.1"
  dependencies:
    "asynckit" "^0.4.0"
    "combined-stream" "^1.0.8"
    "mime-types" "^2.1.12"

"formdata-polyfill@^4.0.10":
  "integrity" "sha512-buewHzMvYL29jdeQTVILecSaZKnt/RJWjoZCF5OW60Z67/GmSLBkOFM7qh1PI3zFNtJbaZL5eQu1vLfazOwj4g=="
  "resolved" "https://registry.npmjs.org/formdata-polyfill/-/formdata-polyfill-4.0.10.tgz"
  "version" "4.0.10"
  dependencies:
    "fetch-blob" "^3.1.2"

"ip-regex@^4.3.0":
  "integrity" "sha512-B9ZWJxHHOHUhUjCPrMpLD4xEq35bUTClHM1S6CBU5ixQnkZmwipwgc96vAd7AAGM9TGHvJR+Uss+/Ak6UphK+Q=="
  "resolved" "https://registry.npmjs.org/ip-regex/-/ip-regex-4.3.0.tgz"
  "version" "4.3.0"

"is-electron@2.2.0":
  "integrity" "sha512-SpMppC2XR3YdxSzczXReBjqs2zGscWQpBIKqwXYBFic0ERaxNVgwLCHwOLZeESfdJQjX0RDvrJ1lBXX2ij+G1Q=="
  "resolved" "https://registry.npmjs.org/is-electron/-/is-electron-2.2.0.tgz"
  "version" "2.2.0"

"is-stream@^1.1.0":
  "integrity" "sha1-EtSj3U5o4Lec6428hBc66A2RykQ="
  "resolved" "https://registry.npmjs.org/is-stream/-/is-stream-1.1.0.tgz"
  "version" "1.1.0"

"is-typedarray@^1.0.0":
  "integrity" "sha1-5HnICFjfDBsR3dppQPlgEfzaSpo="
  "resolved" "https://registry.npmjs.org/is-typedarray/-/is-typedarray-1.0.0.tgz"
  "version" "1.0.0"

"json-stringify-safe@^5.0.1":
  "integrity" "sha1-Epai1Y/UXxmg9s4B1lcB4sc1tus="
  "resolved" "https://registry.npmjs.org/json-stringify-safe/-/json-stringify-safe-5.0.1.tgz"
  "version" "5.0.1"

"lodash.set@^4.3.2":
  "integrity" "sha1-2HV7HagH3eJIFrDWqEvqGnYjCyM="
  "resolved" "https://registry.npmjs.org/lodash.set/-/lodash.set-4.3.2.tgz"
  "version" "4.3.2"

"mime-db@1.51.0":
  "integrity" "sha512-5y8A56jg7XVQx2mbv1lu49NR4dokRnhZYTtL+KGfaa27uq4pSTXkwQkFJl4pkRMyNFz/EtYDSkiiEHx3F7UN6g=="
  "resolved" "https://registry.npmjs.org/mime-db/-/mime-db-1.51.0.tgz"
  "version" "1.51.0"

"mime-types@^2.1.12":
  "integrity" "sha512-6cP692WwGIs9XXdOO4++N+7qjqv0rqxxVvJ3VHPh/Sc9mVZcQP+ZGhkKiTvWMQRr2tbHkJP/Yn7Y0npb3ZBs4A=="
  "resolved" "https://registry.npmjs.org/mime-types/-/mime-types-2.1.34.tgz"
  "version" "2.1.34"
  dependencies:
    "mime-db" "1.51.0"

"mock-socket@^9.1.2":
  "integrity" "sha512-XKZkCnQ9ISOlTnaPg4LYYSMj7+6i78HyadYzLA5JM4465ibLdjappZD9Csnqc3Tfzep/eEK/LCJ29BTaLHoB1A=="
  "resolved" "https://registry.npmjs.org/mock-socket/-/mock-socket-9.1.2.tgz"
  "version" "9.1.2"

"ms@2.0.0":
  "integrity" "sha1-VgiurfwAvmwpAd9fmGF4jeDVl8g="
  "resolved" "https://registry.npmjs.org/ms/-/ms-2.0.0.tgz"
  "version" "2.0.0"

"ms@2.1.2":
  "integrity" "sha512-sGkPx+VjMtmA6MX27oA4FBFELFCZZ4S4XqeGOXCv68tT+jb3vk/RyaKWP0PTKyWtmLSM0b+adUTEvbs1PEaH2w=="
  "resolved" "https://registry.npmjs.org/ms/-/ms-2.1.2.tgz"
  "version" "2.1.2"

"next-tick@^1.1.0":
  "integrity" "sha512-CXdUiJembsNjuToQvxayPZF9Vqht7hewsvy2sOWafLvi2awflj9mOC6bHIg50orX8IJvWKY9wYQ/zB2kogPslQ=="
  "resolved" "https://registry.npmjs.org/next-tick/-/next-tick-1.1.0.tgz"
  "version" "1.1.0"

"nock@^13.2.4":
  "integrity" "sha512-8GPznwxcPNCH/h8B+XZcKjYPXnUV5clOKCjAqyjsiqA++MpNx9E9+t8YPp0MbThO+KauRo7aZJ1WuIZmOrT2Ug=="
  "resolved" "https://registry.npmjs.org/nock/-/nock-13.2.4.tgz"
  "version" "13.2.4"
  dependencies:
    "debug" "^4.1.0"
    "json-stringify-safe" "^5.0.1"
    "lodash.set" "^4.3.2"
    "propagate" "^2.0.0"

"node-domexception@^1.0.0":
  "integrity" "sha512-/jKZoMpw0F8GRwl4/eLROPA3cfcXtLApP0QzLmUT/HuPCZWyB7IY9ZrMeKw2O/nFIqPQB3PVM9aYm0F312AXDQ=="
  "resolved" "https://registry.npmjs.org/node-domexception/-/node-domexception-1.0.0.tgz"
  "version" "1.0.0"

"node-fetch@^2.6.7":
  "integrity" "sha512-ZjMPFEfVx5j+y2yF35Kzx5sF7kDzxuDj6ziH4FFbOp87zKDZNx8yExJIb05OGF4Nlt9IHFIMBkRl41VdvcNdbQ=="
  "resolved" "https://registry.npmjs.org/node-fetch/-/node-fetch-2.6.7.tgz"
  "version" "2.6.7"
  dependencies:
    "whatwg-url" "^5.0.0"

"node-fetch@^3.2.0":
  "integrity" "sha512-8xeimMwMItMw8hRrOl3C9/xzU49HV/yE6ORew/l+dxWimO5A4Ra8ld2rerlJvc/O7et5Z1zrWsPX43v1QBjCxw=="
  "resolved" "https://registry.npmjs.org/node-fetch/-/node-fetch-3.2.0.tgz"
  "version" "3.2.0"
  dependencies:
    "data-uri-to-buffer" "^4.0.0"
    "fetch-blob" "^3.1.4"
    "formdata-polyfill" "^4.0.10"

"node-gyp-build@^4.3.0":
  "integrity" "sha512-iWjXZvmboq0ja1pUGULQBexmxq8CV4xBhX7VDOTbL7ZR4FOowwY/VOtRxBN/yKxmdGoIp4j5ysNT4u3S2pDQ3Q=="
  "resolved" "https://registry.npmjs.org/node-gyp-build/-/node-gyp-build-4.3.0.tgz"
  "version" "4.3.0"

"p-finally@^1.0.0":
  "integrity" "sha1-P7z7FbiZpEEjs0ttzBi3JDNqLK4="
  "resolved" "https://registry.npmjs.org/p-finally/-/p-finally-1.0.0.tgz"
  "version" "1.0.0"

"p-queue@^6.6.1":
  "integrity" "sha512-RwFpb72c/BhQLEXIZ5K2e+AhgNVmIejGlTgiB9MzZ0e93GRvqZ7uSi0dvRF7/XIXDeNkra2fNHBxTyPDGySpjQ=="
  "resolved" "https://registry.npmjs.org/p-queue/-/p-queue-6.6.2.tgz"
  "version" "6.6.2"
  dependencies:
    "eventemitter3" "^4.0.4"
    "p-timeout" "^3.2.0"

"p-retry@^4.0.0":
  "integrity" "sha512-e2xXGNhZOZ0lfgR9kL34iGlU8N/KO0xZnQxVEwdeOvpqNDQfdnxIYizvWtK8RglUa3bGqI8g0R/BdfzLMxRkiA=="
  "resolved" "https://registry.npmjs.org/p-retry/-/p-retry-4.6.1.tgz"
  "version" "4.6.1"
  dependencies:
    "@types/retry" "^0.12.0"
    "retry" "^0.13.1"

"p-timeout@^3.2.0":
  "integrity" "sha512-rhIwUycgwwKcP9yTOOFK/AKsAopjjCakVqLHePO3CC6Mir1Z99xT+R63jZxAT5lFZLa2inS5h+ZS2GvR99/FBg=="
  "resolved" "https://registry.npmjs.org/p-timeout/-/p-timeout-3.2.0.tgz"
  "version" "3.2.0"
  dependencies:
    "p-finally" "^1.0.0"

"propagate@^2.0.0":
  "integrity" "sha512-vGrhOavPSTz4QVNuBNdcNXePNdNMaO1xj9yBeH1ScQPjk/rhg9sSlCXPhMkFuaNNW/syTvYqsnbIJxMBfRbbag=="
  "resolved" "https://registry.npmjs.org/propagate/-/propagate-2.0.1.tgz"
  "version" "2.0.1"

"regenerator-runtime@^0.13.4":
  "integrity" "sha512-p3VT+cOEgxFsRRA9X4lkI1E+k2/CtnKtU4gcxyaCUreilL/vqI6CdZ3wxVUx3UOUg+gnUOQQcRI7BmSI656MYA=="
  "resolved" "https://registry.npmjs.org/regenerator-runtime/-/regenerator-runtime-0.13.9.tgz"
  "version" "0.13.9"

"retry@^0.13.1":
  "integrity" "sha512-XQBQ3I8W1Cge0Seh+6gjj03LbmRFWuoszgK9ooCpwYIrhhoO80pfq4cUkU5DkknwfOfFteRwlZ56PYOGYyFWdg=="
  "resolved" "https://registry.npmjs.org/retry/-/retry-0.13.1.tgz"
  "version" "0.13.1"

"rxjs@^7.5.4":
  "integrity" "sha512-sy+H0pQofO95VDmFLzyaw9xNJU4KTRSwQIGM6+iG3SypAtCiLDzpeG8sJrNCWn2Up9km+KhkvTdbkrdy+yzZdw=="
  "resolved" "https://registry.npmjs.org/rxjs/-/rxjs-7.5.5.tgz"
  "version" "7.5.5"
  dependencies:
    "tslib" "^2.1.0"

"tr46@~0.0.3":
  "integrity" "sha1-gYT9NH2snNwYWZLzpmIuFLnZq2o="
  "resolved" "https://registry.npmjs.org/tr46/-/tr46-0.0.3.tgz"
  "version" "0.0.3"

"tslib@^2.1.0":
  "integrity" "sha512-77EbyPPpMz+FRFRuAFlWMtmgUWGe9UOG2Z25NqCwiIjRhOf5iKGuzSe5P2w1laq+FkRy4p+PCuVkJSGkzTEKVw=="
  "resolved" "https://registry.npmjs.org/tslib/-/tslib-2.3.1.tgz"
  "version" "2.3.1"

"tweetnacl@^1.0.3", "tweetnacl@1.x.x":
  "integrity" "sha512-6rt+RN7aOi1nGMyC4Xa5DdYiukl2UWCbcJft7YhxReBGQD7OAM8Pbxw6YMo4r2diNEA8FEmu32YOn9rhaiE5yw=="
  "resolved" "https://registry.npmjs.org/tweetnacl/-/tweetnacl-1.0.3.tgz"
  "version" "1.0.3"

"type@^1.0.1":
  "integrity" "sha512-+5nt5AAniqsCnu2cEQQdpzCAh33kVx8n0VoFidKpB1dVVLAN/F+bgVOqOJqOnEnrhp222clB5p3vUlD+1QAnfg=="
  "resolved" "https://registry.npmjs.org/type/-/type-1.2.0.tgz"
  "version" "1.2.0"

"type@^2.5.0":
  "integrity" "sha512-eiDBDOmkih5pMbo9OqsqPRGMljLodLcwd5XD5JbtNB0o89xZAwynY9EdCDsJU7LtcVCClu9DvM7/0Ep1hYX3EQ=="
  "resolved" "https://registry.npmjs.org/type/-/type-2.6.0.tgz"
  "version" "2.6.0"

"typedarray-to-buffer@^3.1.5":
  "integrity" "sha512-zdu8XMNEDepKKR+XYOXAVPtWui0ly0NtohUscw+UmaHiAWT8hrV1rr//H6V+0DvJ3OQ19S979M0laLfX8rm82Q=="
  "resolved" "https://registry.npmjs.org/typedarray-to-buffer/-/typedarray-to-buffer-3.1.5.tgz"
  "version" "3.1.5"
  dependencies:
    "is-typedarray" "^1.0.0"

"utf-8-validate@^5.0.2":
  "integrity" "sha512-k4dW/Qja1BYDl2qD4tOMB9PFVha/UJtxTc1cXYOe3WwA/2m0Yn4qB7wLMpJyLJ/7DR0XnTut3HsCSzDT4ZvKgA=="
  "resolved" "https://registry.npmjs.org/utf-8-validate/-/utf-8-validate-5.0.8.tgz"
  "version" "5.0.8"
  dependencies:
    "node-gyp-build" "^4.3.0"

"web-streams-polyfill@^3.0.3":
  "integrity" "sha512-EqPmREeOzttaLRm5HS7io98goBgZ7IVz79aDvqjD0kYXLtFZTc0T/U6wHTPKyIjb+MdN7DFIIX6hgdBEpWmfPA=="
  "resolved" "https://registry.npmjs.org/web-streams-polyfill/-/web-streams-polyfill-3.2.0.tgz"
  "version" "3.2.0"

"webidl-conversions@^3.0.0":
  "integrity" "sha1-JFNCdeKnvGvnvIZhHMFq4KVlSHE="
  "resolved" "https://registry.npmjs.org/webidl-conversions/-/webidl-conversions-3.0.1.tgz"
  "version" "3.0.1"

"websocket@^1.0.34":
  "integrity" "sha512-PRDso2sGwF6kM75QykIesBijKSVceR6jL2G8NGYyq2XrItNC2P5/qL5XeR056GhA+Ly7JMFvJb9I312mJfmqnQ=="
  "resolved" "https://registry.npmjs.org/websocket/-/websocket-1.0.34.tgz"
  "version" "1.0.34"
  dependencies:
    "bufferutil" "^4.0.1"
    "debug" "^2.2.0"
    "es5-ext" "^0.10.50"
    "typedarray-to-buffer" "^3.1.5"
    "utf-8-validate" "^5.0.2"
    "yaeti" "^0.0.6"

"whatwg-url@^5.0.0":
  "integrity" "sha1-lmRU6HZUYuN2RNNib2dCzotwll0="
  "resolved" "https://registry.npmjs.org/whatwg-url/-/whatwg-url-5.0.0.tgz"
  "version" "5.0.0"
  dependencies:
    "tr46" "~0.0.3"
    "webidl-conversions" "^3.0.0"

"yaeti@^0.0.6":
  "integrity" "sha1-8m9ITXJoTPQr7ft2lwqhYI+/lXc="
  "resolved" "https://registry.npmjs.org/yaeti/-/yaeti-0.0.6.tgz"
  "version" "0.0.6"
