# THIS IS AN AUTOGENERATED FILE. DO NOT EDIT THIS FILE DIRECTLY.
# yarn lockfile v1


"@babel/runtime@^7.17.9":
  "integrity" "sha512-lSiBBvodq29uShpWGNbgFdKYNiFDo5/HIYsaCEY9ff4sb10x9jizo2+pRrSyF4jKZCXqgzuqBOQKbUm90gQwJg=="
  "resolved" "https://registry.npmjs.org/@babel/runtime/-/runtime-7.17.9.tgz"
  "version" "7.17.9"
  dependencies:
    "regenerator-runtime" "^0.13.4"

"@noble/hashes@1.0.0":
  "integrity" "sha512-DZVbtY62kc3kkBtMHqwCOfXrT/hnoORy5BJ4+HU1IR59X0KWAOqsfzQPcUl/lQLlG7qXbe/fZ3r/emxtAl+sqg=="
  "resolved" "https://registry.npmjs.org/@noble/hashes/-/hashes-1.0.0.tgz"
  "version" "1.0.0"

"@noble/secp256k1@1.5.5":
  "integrity" "sha512-sZ1W6gQzYnu45wPrWx8D3kwI2/U29VYTx9OjbDAd7jwRItJ0cSTMPRL/C8AWZFn9kWFLQGqEXVEE86w4Z8LpIQ=="
  "resolved" "https://registry.npmjs.org/@noble/secp256k1/-/secp256k1-1.5.5.tgz"
  "version" "1.5.5"

"@polkadot/api-augment@8.1.1":
  "integrity" "sha512-Entu5JP94mxLlaWduASECr+etw73CSBhpuaNY+/G4nXeZ34E6KkG1jURvGNvnNA8GXig42TXWT1Xrn3db6GoTg=="
  "resolved" "https://registry.npmjs.org/@polkadot/api-augment/-/api-augment-8.1.1.tgz"
  "version" "8.1.1"
  dependencies:
    "@babel/runtime" "^7.17.9"
    "@polkadot/api-base" "8.1.1"
    "@polkadot/rpc-augment" "8.1.1"
    "@polkadot/types" "8.1.1"
    "@polkadot/types-augment" "8.1.1"
    "@polkadot/types-codec" "8.1.1"
    "@polkadot/util" "^9.0.1"

"@polkadot/api-base@8.1.1":
  "integrity" "sha512-1+4DYF3kdVE0dxpQPPznahQgDjOYokAWTTivYkR+ARj0du0b2JYzJLlnQV6vmmu7U+njn3mBAFPMByWa+scFIg=="
  "resolved" "https://registry.npmjs.org/@polkadot/api-base/-/api-base-8.1.1.tgz"
  "version" "8.1.1"
  dependencies:
    "@babel/runtime" "^7.17.9"
    "@polkadot/rpc-core" "8.1.1"
    "@polkadot/types" "8.1.1"
    "@polkadot/util" "^9.0.1"
    "rxjs" "^7.5.5"

"@polkadot/api-derive@8.1.1":
  "integrity" "sha512-pwGls3OtPGbbR0uszBzWH3zqvsLlbB4bgvTYOYWzITY/WpwI0EkhINIRW1osf7foyRD6AzeX8FKumfkv3d8ItQ=="
  "resolved" "https://registry.npmjs.org/@polkadot/api-derive/-/api-derive-8.1.1.tgz"
  "version" "8.1.1"
  dependencies:
    "@babel/runtime" "^7.17.9"
    "@polkadot/api" "8.1.1"
    "@polkadot/api-augment" "8.1.1"
    "@polkadot/api-base" "8.1.1"
    "@polkadot/rpc-core" "8.1.1"
    "@polkadot/types" "8.1.1"
    "@polkadot/types-codec" "8.1.1"
    "@polkadot/util" "^9.0.1"
    "@polkadot/util-crypto" "^9.0.1"
    "rxjs" "^7.5.5"

"@polkadot/api@^8.1.1", "@polkadot/api@8.1.1":
  "integrity" "sha512-XAprWhVFdy23YDuGqMc6rTW6CemsbhngQ1e5wMcQKNWxHgCf1mF0Hhvbv/Z4+x6bLG70OELoX7Ssz1mk0tptVQ=="
  "resolved" "https://registry.npmjs.org/@polkadot/api/-/api-8.1.1.tgz"
  "version" "8.1.1"
  dependencies:
    "@babel/runtime" "^7.17.9"
    "@polkadot/api-augment" "8.1.1"
    "@polkadot/api-base" "8.1.1"
    "@polkadot/api-derive" "8.1.1"
    "@polkadot/keyring" "^9.0.1"
    "@polkadot/rpc-augment" "8.1.1"
    "@polkadot/rpc-core" "8.1.1"
    "@polkadot/rpc-provider" "8.1.1"
    "@polkadot/types" "8.1.1"
    "@polkadot/types-augment" "8.1.1"
    "@polkadot/types-codec" "8.1.1"
    "@polkadot/types-create" "8.1.1"
    "@polkadot/types-known" "8.1.1"
    "@polkadot/util" "^9.0.1"
    "@polkadot/util-crypto" "^9.0.1"
    "eventemitter3" "^4.0.7"
    "rxjs" "^7.5.5"

"@polkadot/keyring@^9.0.1":
  "integrity" "sha512-i4C6TsqhhUpiKxaxD9+g3TWbgxDfWs5HP7oDfLtWNOzE7HJFh2oF/WYx8qgGTE7lYGHdsGUihld/VISnQDd97g=="
  "resolved" "https://registry.npmjs.org/@polkadot/keyring/-/keyring-9.0.1.tgz"
  "version" "9.0.1"
  dependencies:
    "@babel/runtime" "^7.17.9"
    "@polkadot/util" "9.0.1"
    "@polkadot/util-crypto" "9.0.1"

"@polkadot/networks@^9.0.1", "@polkadot/networks@9.0.1":
  "integrity" "sha512-jWunZIgA1ocYtF6WGWg3EsPQD19FJ/QCSjiyzHIqVZez8EgFSRQ1iqnawVLOJCd2UA319ZOzjLcuUt6QO0IqRQ=="
  "resolved" "https://registry.npmjs.org/@polkadot/networks/-/networks-9.0.1.tgz"
  "version" "9.0.1"
  dependencies:
    "@babel/runtime" "^7.17.9"
    "@polkadot/util" "9.0.1"
    "@substrate/ss58-registry" "^1.17.0"

"@polkadot/rpc-augment@8.1.1":
  "integrity" "sha512-4bgtO6myo74AXXwOvH1BvgVd7LTyiu/KqiknxexYBDF1w8HfDfbVGkTWTan/WRfQhCOSfbidxbY5Y+Ef4AHYDA=="
  "resolved" "https://registry.npmjs.org/@polkadot/rpc-augment/-/rpc-augment-8.1.1.tgz"
  "version" "8.1.1"
  dependencies:
    "@babel/runtime" "^7.17.9"
    "@polkadot/rpc-core" "8.1.1"
    "@polkadot/types" "8.1.1"
    "@polkadot/types-codec" "8.1.1"
    "@polkadot/util" "^9.0.1"

"@polkadot/rpc-core@8.1.1":
  "integrity" "sha512-7CL3eQnm1V0TLSpRFBHPFLdbjSg4nYePxaI4Ko9Mytvo5l7vNcPi2/qb3aaoGr+SbGRdPj0e8FstbBEYc10lSQ=="
  "resolved" "https://registry.npmjs.org/@polkadot/rpc-core/-/rpc-core-8.1.1.tgz"
  "version" "8.1.1"
  dependencies:
    "@babel/runtime" "^7.17.9"
    "@polkadot/rpc-augment" "8.1.1"
    "@polkadot/rpc-provider" "8.1.1"
    "@polkadot/types" "8.1.1"
    "@polkadot/util" "^9.0.1"
    "rxjs" "^7.5.5"

"@polkadot/rpc-provider@8.1.1":
  "integrity" "sha512-PFQYhVDxayQ8BP6xk2ZFvrfG/wWZ3BIEUesdCiZU8Nb1UbTXMQQbLvfI+14Q46Z426MR9UNHxrzi4AlKbPWqCQ=="
  "resolved" "https://registry.npmjs.org/@polkadot/rpc-provider/-/rpc-provider-8.1.1.tgz"
  "version" "8.1.1"
  dependencies:
    "@babel/runtime" "^7.17.9"
    "@polkadot/keyring" "^9.0.1"
    "@polkadot/types" "8.1.1"
    "@polkadot/types-support" "8.1.1"
    "@polkadot/util" "^9.0.1"
    "@polkadot/util-crypto" "^9.0.1"
    "@polkadot/x-fetch" "^9.0.1"
    "@polkadot/x-global" "^9.0.1"
    "@polkadot/x-ws" "^9.0.1"
    "@substrate/connect" "0.7.2"
    "eventemitter3" "^4.0.7"
    "mock-socket" "^9.1.2"
    "nock" "^13.2.4"

"@polkadot/types-augment@8.1.1":
  "integrity" "sha512-JyJigD/rH33uDKPRF8u2rMRmxkh/brM/AkD+pOH5ZO6AfcQ3mNsFEvM5OZ+Wx2vq6+vX3oH922wjK3d3/ILkpQ=="
  "resolved" "https://registry.npmjs.org/@polkadot/types-augment/-/types-augment-8.1.1.tgz"
  "version" "8.1.1"
  dependencies:
    "@babel/runtime" "^7.17.9"
    "@polkadot/types" "8.1.1"
    "@polkadot/types-codec" "8.1.1"
    "@polkadot/util" "^9.0.1"

"@polkadot/types-codec@8.1.1":
  "integrity" "sha512-JJkSYJrkSjNZYIWAqpihgtMKbTfk2r9J6eHeESiWFYhce61o2x1ylyzedaZkvoxD9hVhb7l94ulrHZKtlJKBFQ=="
  "resolved" "https://registry.npmjs.org/@polkadot/types-codec/-/types-codec-8.1.1.tgz"
  "version" "8.1.1"
  dependencies:
    "@babel/runtime" "^7.17.9"
    "@polkadot/util" "^9.0.1"

"@polkadot/types-create@8.1.1":
  "integrity" "sha512-cL+CpLkHiTxRH67oHiCeunant9JpVvmtJZh+t/NZZypjRkH7YVOpKj643vkiP2m02259N2BzYTR6CEQP8QZGGQ=="
  "resolved" "https://registry.npmjs.org/@polkadot/types-create/-/types-create-8.1.1.tgz"
  "version" "8.1.1"
  dependencies:
    "@babel/runtime" "^7.17.9"
    "@polkadot/types-codec" "8.1.1"
    "@polkadot/util" "^9.0.1"

"@polkadot/types-known@8.1.1":
  "integrity" "sha512-aOuHf/vTFrScipGx9DOcD83ki1jBLHg3549SAkMwyz0K+RnIlt2nat32/M60eUWJgyHHITl4G0QCZrtFY2D2OA=="
  "resolved" "https://registry.npmjs.org/@polkadot/types-known/-/types-known-8.1.1.tgz"
  "version" "8.1.1"
  dependencies:
    "@babel/runtime" "^7.17.9"
    "@polkadot/networks" "^9.0.1"
    "@polkadot/types" "8.1.1"
    "@polkadot/types-codec" "8.1.1"
    "@polkadot/types-create" "8.1.1"
    "@polkadot/util" "^9.0.1"

"@polkadot/types-support@8.1.1":
  "integrity" "sha512-M3rsWvpHlQawhc4CTLgeFxT6nIeYU9JZIlubJ5je1NSorIaX/TdUEgluyPZ52kN5PNDzJNVo84/g6zwKXF5MfQ=="
  "resolved" "https://registry.npmjs.org/@polkadot/types-support/-/types-support-8.1.1.tgz"
  "version" "8.1.1"
  dependencies:
    "@babel/runtime" "^7.17.9"
    "@polkadot/util" "^9.0.1"

"@polkadot/types@8.1.1":
  "integrity" "sha512-x9WDx9XcaSkQGlnk2MNu+49oK80s8Js7lr0mmCinV12m8+3si+GvIOvnuV3ydmWgWtpTt2ERfN+T8a/6f50EpA=="
  "resolved" "https://registry.npmjs.org/@polkadot/types/-/types-8.1.1.tgz"
  "version" "8.1.1"
  dependencies:
    "@babel/runtime" "^7.17.9"
    "@polkadot/keyring" "^9.0.1"
    "@polkadot/types-augment" "8.1.1"
    "@polkadot/types-codec" "8.1.1"
    "@polkadot/types-create" "8.1.1"
    "@polkadot/util" "^9.0.1"
    "@polkadot/util-crypto" "^9.0.1"
    "rxjs" "^7.5.5"

"@polkadot/util-crypto@^9.0.1", "@polkadot/util-crypto@9.0.1":
  "integrity" "sha512-HPze3+VHY899B6CXwyrgWNDqmjmhfYy6+l29giXLfT/kmaL5FodRPCO36BNTbGCITuVajDR9wdZ/LeLZdIb79w=="
  "resolved" "https://registry.npmjs.org/@polkadot/util-crypto/-/util-crypto-9.0.1.tgz"
  "version" "9.0.1"
  dependencies:
    "@babel/runtime" "^7.17.9"
    "@noble/hashes" "1.0.0"
    "@noble/secp256k1" "1.5.5"
    "@polkadot/networks" "9.0.1"
    "@polkadot/util" "9.0.1"
    "@polkadot/wasm-crypto" "^6.0.1"
    "@polkadot/x-bigint" "9.0.1"
    "@polkadot/x-randomvalues" "9.0.1"
    "@scure/base" "1.0.0"
    "ed2curve" "^0.3.0"
    "tweetnacl" "^1.0.3"

"@polkadot/util@*", "@polkadot/util@^9.0.1", "@polkadot/util@9.0.1":
  "integrity" "sha512-MuiuAb0VcnNpBFpbXZ4v0roxEVSpfx3bDR9qR31XCYCUODDKXa04srFz2EXI0pov087mTprIUE+x9wIWkH9QUg=="
  "resolved" "https://registry.npmjs.org/@polkadot/util/-/util-9.0.1.tgz"
  "version" "9.0.1"
  dependencies:
    "@babel/runtime" "^7.17.9"
    "@polkadot/x-bigint" "9.0.1"
    "@polkadot/x-global" "9.0.1"
    "@polkadot/x-textdecoder" "9.0.1"
    "@polkadot/x-textencoder" "9.0.1"
    "@types/bn.js" "^5.1.0"
    "bn.js" "^5.2.0"
    "ip-regex" "^4.3.0"

"@polkadot/wasm-crypto-asmjs@^6.0.1":
  "integrity" "sha512-cSGsHBLfPW2nHztgZd+gisCoScA02jbAzwjop/b8xumQ2kq7yAed/K9G1lOQiofEKRetIJeqBzJyk0etopRORw=="
  "resolved" "https://registry.npmjs.org/@polkadot/wasm-crypto-asmjs/-/wasm-crypto-asmjs-6.0.1.tgz"
  "version" "6.0.1"
  dependencies:
    "@babel/runtime" "^7.17.9"

"@polkadot/wasm-crypto-wasm@^6.0.1":
  "integrity" "sha512-0r/QgOjIyw4U0mLk6Tm97Di92uxcSPjTo7dK6tdXo1PwYouhzO5IJnL/jNgma8dm5hQoBhk7rcErmkh8c1kLFQ=="
  "resolved" "https://registry.npmjs.org/@polkadot/wasm-crypto-wasm/-/wasm-crypto-wasm-6.0.1.tgz"
  "version" "6.0.1"
  dependencies:
    "@babel/runtime" "^7.17.9"

"@polkadot/wasm-crypto@^6.0.1":
  "integrity" "sha512-nW5DDrciHGbZbj0Xh7w0Bnh5exSJUw96Zux7RuGfXuoXXHZBcf0QiB4E2dcVh3d/NkF7PkB99FlkdQxQp4M0Rg=="
  "resolved" "https://registry.npmjs.org/@polkadot/wasm-crypto/-/wasm-crypto-6.0.1.tgz"
  "version" "6.0.1"
  dependencies:
    "@babel/runtime" "^7.17.9"
    "@polkadot/wasm-crypto-asmjs" "^6.0.1"
    "@polkadot/wasm-crypto-wasm" "^6.0.1"

"@polkadot/x-bigint@9.0.1":
  "integrity" "sha512-At+huOL4WYdNh8PHy7r94y5JpilphsPLEuyM+K3M/aE2R9G/2f0qTK9AjHeyNyeIrhw6Bc4uzO5K2Ka72HjS2g=="
  "resolved" "https://registry.npmjs.org/@polkadot/x-bigint/-/x-bigint-9.0.1.tgz"
  "version" "9.0.1"
  dependencies:
    "@babel/runtime" "^7.17.9"
    "@polkadot/x-global" "9.0.1"

"@polkadot/x-fetch@^9.0.1":
  "integrity" "sha512-ON6V+WpB49qwWba0fCKt6IFxfMlaZKq80u/LlvH+3zqSuRhd/XnAdAsWtjvZqmAz83cUi1PfctJsmkgVBo6YQg=="
  "resolved" "https://registry.npmjs.org/@polkadot/x-fetch/-/x-fetch-9.0.1.tgz"
  "version" "9.0.1"
  dependencies:
    "@babel/runtime" "^7.17.9"
    "@polkadot/x-global" "9.0.1"
    "@types/node-fetch" "^2.6.1"
    "node-fetch" "^2.6.7"

"@polkadot/x-global@^9.0.1", "@polkadot/x-global@9.0.1":
  "integrity" "sha512-C4K3laEYWMlWc1fJFUC5Kd6gxSC0GIe/ajClPjiKf5cwCGkGgtkcB7uvpzvnMAdxYpXiUnMHbJB6X/QyV/VG+Q=="
  "resolved" "https://registry.npmjs.org/@polkadot/x-global/-/x-global-9.0.1.tgz"
  "version" "9.0.1"
  dependencies:
    "@babel/runtime" "^7.17.9"

"@polkadot/x-randomvalues@*", "@polkadot/x-randomvalues@9.0.1":
  "integrity" "sha512-F/1Eabzx9kWivSXA23SW5BzfjtDWqaNct+GkC5dlm2lg/iE2IRY2JIqoKKkfh1u1/3iQ5YfjA96NmD/swNAcew=="
  "resolved" "https://registry.npmjs.org/@polkadot/x-randomvalues/-/x-randomvalues-9.0.1.tgz"
  "version" "9.0.1"
  dependencies:
    "@babel/runtime" "^7.17.9"
    "@polkadot/x-global" "9.0.1"

"@polkadot/x-textdecoder@9.0.1":
  "integrity" "sha512-SudTQiluYIRO8EXF02kfWZGfsXrvJq4D2yURiIeIeWbrAShRUcQES7W01iGa5xvaHSW249eJ3fHbeDTNQd5B6Q=="
  "resolved" "https://registry.npmjs.org/@polkadot/x-textdecoder/-/x-textdecoder-9.0.1.tgz"
  "version" "9.0.1"
  dependencies:
    "@babel/runtime" "^7.17.9"
    "@polkadot/x-global" "9.0.1"

"@polkadot/x-textencoder@9.0.1":
  "integrity" "sha512-73LeTasA3iDJMCLQXZd21wzNjs1Xr2xNXW03Yja3OPLneGK6Zlqz77AAYcjhQd2dgSFoH2NQ1JvdffXT9y1sGA=="
  "resolved" "https://registry.npmjs.org/@polkadot/x-textencoder/-/x-textencoder-9.0.1.tgz"
  "version" "9.0.1"
  dependencies:
    "@babel/runtime" "^7.17.9"
    "@polkadot/x-global" "9.0.1"

"@polkadot/x-ws@^9.0.1":
  "integrity" "sha512-ld8oCKzN9KbT9g+8RTGobXBUgGI5zD2G/IMKlLZ7/hOdkwb2Ku/PRfVDAloa2xlgaGUYLO+P4IQ+RFxiBPsxfw=="
  "resolved" "https://registry.npmjs.org/@polkadot/x-ws/-/x-ws-9.0.1.tgz"
  "version" "9.0.1"
  dependencies:
    "@babel/runtime" "^7.17.9"
    "@polkadot/x-global" "9.0.1"
    "@types/websocket" "^1.0.5"
    "websocket" "^1.0.34"

"@scure/base@1.0.0":
  "integrity" "sha512-gIVaYhUsy+9s58m/ETjSJVKHhKTBMmcRb9cEV5/5dwvfDlfORjKrFsDeDHWRrm6RjcPvCLZFwGJjAjLj1gg4HA=="
  "resolved" "https://registry.npmjs.org/@scure/base/-/base-1.0.0.tgz"
  "version" "1.0.0"

"@slack/logger@^3.0.0":
  "integrity" "sha512-DTuBFbqu4gGfajREEMrkq5jBhcnskinhr4+AnfJEk48zhVeEv3XnUKGIX98B74kxhYsIMfApGGySTn7V3b5yBA=="
  "resolved" "https://registry.npmjs.org/@slack/logger/-/logger-3.0.0.tgz"
  "version" "3.0.0"
  dependencies:
    "@types/node" ">=12.0.0"

"@slack/types@^2.0.0":
  "integrity" "sha512-0k8UlVEH9gUVwTbwcanS1JT2vCROkr1WESgdXW7d2maWYTuwbVEx87YvXPjsemAJfdu+RYqxGhO2oGTigprepA=="
  "resolved" "https://registry.npmjs.org/@slack/types/-/types-2.4.0.tgz"
  "version" "2.4.0"

"@slack/web-api@^6.6.0":
  "integrity" "sha512-4z8tBBIQFojH9uSrsmnI0pGDpOZmJ3UO+Ewwtj3SfkokAUJz3d2dSH5sPk9jKcGfx39e34LoJ+l1YSavvHQeeg=="
  "resolved" "https://registry.npmjs.org/@slack/web-api/-/web-api-6.6.0.tgz"
  "version" "6.6.0"
  dependencies:
    "@slack/logger" "^3.0.0"
    "@slack/types" "^2.0.0"
    "@types/is-stream" "^1.1.0"
    "@types/node" ">=12.0.0"
    "axios" "^0.25.0"
    "eventemitter3" "^3.1.0"
    "form-data" "^2.5.0"
    "is-electron" "2.2.0"
    "is-stream" "^1.1.0"
    "p-queue" "^6.6.1"
    "p-retry" "^4.0.0"

"@substrate/connect-extension-protocol@^1.0.0":
  "integrity" "sha512-nFVuKdp71hMd/MGlllAOh+a2hAqt8m6J2G0aSsS/RcALZexxF9jodbFc62ni8RDtJboeOfXAHhenYOANvJKPIg=="
  "resolved" "https://registry.npmjs.org/@substrate/connect-extension-protocol/-/connect-extension-protocol-1.0.0.tgz"
  "version" "1.0.0"

"@substrate/connect@0.7.2":
  "integrity" "sha512-8GWdrN7qbClYLa9LmETJnywT5fknEQeMw+QKvkUMvsHKegHD0Zkhi0K484mKxRN9RGwcPsKHPj1gMk8xlZuJ9g=="
  "resolved" "https://registry.npmjs.org/@substrate/connect/-/connect-0.7.2.tgz"
  "version" "0.7.2"
  dependencies:
    "@substrate/connect-extension-protocol" "^1.0.0"
    "@substrate/smoldot-light" "0.6.15"
    "eventemitter3" "^4.0.7"

"@substrate/smoldot-light@0.6.15":
  "integrity" "sha512-c2tJCSp9Litsn/p8wY1FfEqIkJI8Peh89BU7T43bruWRO2SSgLVh0cIVbOCY4en90tIOX4W0CueRWFBRQz7BjQ=="
  "resolved" "https://registry.npmjs.org/@substrate/smoldot-light/-/smoldot-light-0.6.15.tgz"
  "version" "0.6.15"
  dependencies:
    "buffer" "^6.0.1"
    "pako" "^2.0.4"
    "websocket" "^1.0.32"

"@substrate/ss58-registry@^1.17.0":
  "integrity" "sha512-YdQOxCtEZLnYZFg/zSzfROYtvIs5+iLD7p/VHoll7AVEhrPAmxgF5ggMDB2Dass7dfwABVx7heATbPFNg95Q8w=="
  "resolved" "https://registry.npmjs.org/@substrate/ss58-registry/-/ss58-registry-1.17.0.tgz"
  "version" "1.17.0"

"@types/bn.js@^5.1.0":
  "integrity" "sha512-QSSVYj7pYFN49kW77o2s9xTCwZ8F2xLbjLLSEVh8D2F4JUhZtPAGOFLTD+ffqksBx/u4cE/KImFjyhqCjn/LIA=="
  "resolved" "https://registry.npmjs.org/@types/bn.js/-/bn.js-5.1.0.tgz"
  "version" "5.1.0"
  dependencies:
    "@types/node" "*"

"@types/is-stream@^1.1.0":
  "integrity" "sha512-jkZatu4QVbR60mpIzjINmtS1ZF4a/FqdTUTBeQDVOQ2PYyidtwFKr0B5G6ERukKwliq+7mIXvxyppwzG5EgRYg=="
  "resolved" "https://registry.npmjs.org/@types/is-stream/-/is-stream-1.1.0.tgz"
  "version" "1.1.0"
  dependencies:
    "@types/node" "*"

"@types/node-fetch@^2.6.1":
  "integrity" "sha512-oMqjURCaxoSIsHSr1E47QHzbmzNR5rK8McHuNb11BOM9cHcIK3Avy0s/b2JlXHoQGTYS3NsvWzV1M0iK7l0wbA=="
  "resolved" "https://registry.npmjs.org/@types/node-fetch/-/node-fetch-2.6.1.tgz"
  "version" "2.6.1"
  dependencies:
    "@types/node" "*"
    "form-data" "^3.0.0"

"@types/node@*", "@types/node@>=12.0.0":
  "integrity" "sha512-ydLaGVfQOQ6hI1xK2A5nVh8bl0OGoIfYMxPWHqqYe9bTkWCfqiVvZoh2I/QF2sNSkZzZyROBoTefIEI+PB6iIA=="
  "resolved" "https://registry.npmjs.org/@types/node/-/node-17.0.16.tgz"
  "version" "17.0.16"

"@types/retry@^0.12.0":
  "integrity" "sha512-xoDlM2S4ortawSWORYqsdU+2rxdh4LRW9ytc3zmT37RIKQh6IHyKwwtKhKis9ah8ol07DCkZxPt8BBvPjC6v4g=="
  "resolved" "https://registry.npmjs.org/@types/retry/-/retry-0.12.1.tgz"
  "version" "0.12.1"

"@types/websocket@^1.0.5":
  "integrity" "sha512-NbsqiNX9CnEfC1Z0Vf4mE1SgAJ07JnRYcNex7AJ9zAVzmiGHmjKFEk7O4TJIsgv2B1sLEb6owKFZrACwdYngsQ=="
  "resolved" "https://registry.npmjs.org/@types/websocket/-/websocket-1.0.5.tgz"
  "version" "1.0.5"
  dependencies:
    "@types/node" "*"

"asynckit@^0.4.0":
  "integrity" "sha1-x57Zf380y48robyXkLzDZkdLS3k="
  "resolved" "https://registry.npmjs.org/asynckit/-/asynckit-0.4.0.tgz"
  "version" "0.4.0"

"axios@^0.25.0":
  "integrity" "sha512-cD8FOb0tRH3uuEe6+evtAbgJtfxr7ly3fQjYcMcuPlgkwVS9xboaVIpcDV+cYQe+yGykgwZCs1pzjntcGa6l5g=="
  "resolved" "https://registry.npmjs.org/axios/-/axios-0.25.0.tgz"
  "version" "0.25.0"
  dependencies:
    "follow-redirects" "^1.14.7"

"base64-js@^1.3.1":
  "integrity" "sha512-AKpaYlHn8t4SVbOHCy+b5+KKgvR4vrsD8vbvrbiQJps7fKDTkjkDry6ji0rUJjC0kzbNePLwzxq8iypo41qeWA=="
  "resolved" "https://registry.npmjs.org/base64-js/-/base64-js-1.5.1.tgz"
  "version" "1.5.1"

"bn.js@^5.2.0":
  "integrity" "sha512-D7iWRBvnZE8ecXiLj/9wbxH7Tk79fAh8IHaTNq1RWRixsS02W+5qS+iE9yq6RYl0asXx5tw0bLhmT5pIfbSquw=="
  "resolved" "https://registry.npmjs.org/bn.js/-/bn.js-5.2.0.tgz"
  "version" "5.2.0"

"buffer@^6.0.1":
  "integrity" "sha512-FTiCpNxtwiZZHEZbcbTIcZjERVICn9yq/pDFkTl95/AxzD1naBctN7YO68riM/gLSDY7sdrMby8hofADYuuqOA=="
  "resolved" "https://registry.npmjs.org/buffer/-/buffer-6.0.3.tgz"
  "version" "6.0.3"
  dependencies:
    "base64-js" "^1.3.1"
    "ieee754" "^1.2.1"

"bufferutil@^4.0.1":
  "integrity" "sha512-jduaYOYtnio4aIAyc6UbvPCVcgq7nYpVnucyxr6eCYg/Woad9Hf/oxxBRDnGGjPfjUm6j5O/uBWhIu4iLebFaw=="
  "resolved" "https://registry.npmjs.org/bufferutil/-/bufferutil-4.0.6.tgz"
  "version" "4.0.6"
  dependencies:
    "node-gyp-build" "^4.3.0"

"combined-stream@^1.0.6", "combined-stream@^1.0.8":
  "integrity" "sha512-FQN4MRfuJeHf7cBbBMJFXhKSDq+2kAArBlmRBvcvFE5BB1HZKXtSFASDhdlz9zOYwxh8lDdnvmMOe/+5cdoEdg=="
  "resolved" "https://registry.npmjs.org/combined-stream/-/combined-stream-1.0.8.tgz"
  "version" "1.0.8"
  dependencies:
    "delayed-stream" "~1.0.0"

"d@^1.0.1", "d@1":
  "integrity" "sha512-m62ShEObQ39CfralilEQRjH6oAMtNCV1xJyEx5LpRYUVN+EviphDgUc/F3hnYbADmkiNs67Y+3ylmlG7Lnu+FA=="
  "resolved" "https://registry.npmjs.org/d/-/d-1.0.1.tgz"
  "version" "1.0.1"
  dependencies:
    "es5-ext" "^0.10.50"
    "type" "^1.0.1"

"data-uri-to-buffer@^4.0.0":
  "integrity" "sha512-Vr3mLBA8qWmcuschSLAOogKgQ/Jwxulv3RNE4FXnYWRGujzrRWQI4m12fQqRkwX06C0KanhLr4hK+GydchZsaA=="
  "resolved" "https://registry.npmjs.org/data-uri-to-buffer/-/data-uri-to-buffer-4.0.0.tgz"
  "version" "4.0.0"

"debug@^2.2.0":
  "integrity" "sha512-bC7ElrdJaJnPbAP+1EotYvqZsb3ecl5wi6Bfi6BJTUcNowp6cvspg0jXznRTKDjm/E7AdgFBVeAPVMNcKGsHMA=="
  "resolved" "https://registry.npmjs.org/debug/-/debug-2.6.9.tgz"
  "version" "2.6.9"
  dependencies:
    "ms" "2.0.0"

"debug@^4.1.0":
  "integrity" "sha512-PRWFHuSU3eDtQJPvnNY7Jcket1j0t5OuOsFzPPzsekD52Zl8qUfFIPEiswXqIvHWGVHOgX+7G/vCNNhehwxfkQ=="
  "resolved" "https://registry.npmjs.org/debug/-/debug-4.3.4.tgz"
  "version" "4.3.4"
  dependencies:
    "ms" "2.1.2"

"delayed-stream@~1.0.0":
  "integrity" "sha1-3zrhmayt+31ECqrgsp4icrJOxhk="
  "resolved" "https://registry.npmjs.org/delayed-stream/-/delayed-stream-1.0.0.tgz"
  "version" "1.0.0"

"ed2curve@^0.3.0":
  "integrity" "sha512-8w2fmmq3hv9rCrcI7g9hms2pMunQr1JINfcjwR9tAyZqhtyaMN991lF/ZfHfr5tzZQ8c7y7aBgZbjfbd0fjFwQ=="
  "resolved" "https://registry.npmjs.org/ed2curve/-/ed2curve-0.3.0.tgz"
  "version" "0.3.0"
  dependencies:
    "tweetnacl" "1.x.x"

"es5-ext@^0.10.35", "es5-ext@^0.10.50":
  "integrity" "sha512-yFhIqQAzu2Ca2I4SE2Au3rxVfmohU9Y7wqGR+s7+H7krk26NXhIRAZDgqd6xqjCEFUomDEA3/Bo/7fKmIkW1kA=="
  "resolved" "https://registry.npmjs.org/es5-ext/-/es5-ext-0.10.61.tgz"
  "version" "0.10.61"
  dependencies:
    "es6-iterator" "^2.0.3"
    "es6-symbol" "^3.1.3"
    "next-tick" "^1.1.0"

"es6-iterator@^2.0.3":
  "integrity" "sha1-p96IkUGgWpSwhUQDstCg+/qY87c="
  "resolved" "https://registry.npmjs.org/es6-iterator/-/es6-iterator-2.0.3.tgz"
  "version" "2.0.3"
  dependencies:
    "d" "1"
    "es5-ext" "^0.10.35"
    "es6-symbol" "^3.1.1"

"es6-symbol@^3.1.1", "es6-symbol@^3.1.3":
  "integrity" "sha512-NJ6Yn3FuDinBaBRWl/q5X/s4koRHBrgKAu+yGI6JCBeiu3qrcbJhwT2GeR/EXVfylRk8dpQVJoLEFhK+Mu31NA=="
  "resolved" "https://registry.npmjs.org/es6-symbol/-/es6-symbol-3.1.3.tgz"
  "version" "3.1.3"
  dependencies:
    "d" "^1.0.1"
    "ext" "^1.1.2"

"eventemitter3@^3.1.0":
  "integrity" "sha512-tvtQIeLVHjDkJYnzf2dgVMxfuSGJeM/7UCG17TT4EumTfNtF+0nebF/4zWOIkCreAbtNqhGEboB6BWrwqNaw4Q=="
  "resolved" "https://registry.npmjs.org/eventemitter3/-/eventemitter3-3.1.2.tgz"
  "version" "3.1.2"

"eventemitter3@^4.0.4", "eventemitter3@^4.0.7":
  "integrity" "sha512-8guHBZCwKnFhYdHr2ysuRWErTwhoN2X8XELRlrRwpmfeY2jjuUN4taQMsULKUVo1K4DvZl+0pgfyoysHxvmvEw=="
  "resolved" "https://registry.npmjs.org/eventemitter3/-/eventemitter3-4.0.7.tgz"
  "version" "4.0.7"

"ext@^1.1.2":
  "integrity" "sha512-sdBImtzkq2HpkdRLtlLWDa6w4DX22ijZLKx8BMPUuKe1c5lbN6xwQDQCxSfxBQnHZ13ls/FH0MQZx/q/gr6FQg=="
  "resolved" "https://registry.npmjs.org/ext/-/ext-1.6.0.tgz"
  "version" "1.6.0"
  dependencies:
    "type" "^2.5.0"

"fetch-blob@^3.1.2", "fetch-blob@^3.1.4":
  "integrity" "sha512-Eq5Xv5+VlSrYWEqKrusxY1C3Hm/hjeAsCGVG3ft7pZahlUAChpGZT/Ms1WmSLnEAisEXszjzu/s+ce6HZB2VHA=="
  "resolved" "https://registry.npmjs.org/fetch-blob/-/fetch-blob-3.1.4.tgz"
  "version" "3.1.4"
  dependencies:
    "node-domexception" "^1.0.0"
    "web-streams-polyfill" "^3.0.3"

"follow-redirects@^1.14.7":
  "integrity" "sha512-+hbxoLbFMbRKDwohX8GkTataGqO6Jb7jGwpAlwgy2bIz25XtRm7KEzJM76R1WiNT5SwZkX4Y75SwBolkpmE7iQ=="
  "resolved" "https://registry.npmjs.org/follow-redirects/-/follow-redirects-1.14.7.tgz"
  "version" "1.14.7"

"form-data@^2.5.0":
  "integrity" "sha512-m21N3WOmEEURgk6B9GLOE4RuWOFf28Lhh9qGYeNlGq4VDXUlJy2th2slBNU8Gp8EzloYZOibZJ7t5ecIrFSjVA=="
  "resolved" "https://registry.npmjs.org/form-data/-/form-data-2.5.1.tgz"
  "version" "2.5.1"
  dependencies:
    "asynckit" "^0.4.0"
    "combined-stream" "^1.0.6"
    "mime-types" "^2.1.12"

"form-data@^3.0.0":
  "integrity" "sha512-RHkBKtLWUVwd7SqRIvCZMEvAMoGUp0XU+seQiZejj0COz3RI3hWP4sCv3gZWWLjJTd7rGwcsF5eKZGii0r/hbg=="
  "resolved" "https://registry.npmjs.org/form-data/-/form-data-3.0.1.tgz"
  "version" "3.0.1"
  dependencies:
    "asynckit" "^0.4.0"
    "combined-stream" "^1.0.8"
    "mime-types" "^2.1.12"

"formdata-polyfill@^4.0.10":
  "integrity" "sha512-buewHzMvYL29jdeQTVILecSaZKnt/RJWjoZCF5OW60Z67/GmSLBkOFM7qh1PI3zFNtJbaZL5eQu1vLfazOwj4g=="
  "resolved" "https://registry.npmjs.org/formdata-polyfill/-/formdata-polyfill-4.0.10.tgz"
  "version" "4.0.10"
  dependencies:
    "fetch-blob" "^3.1.2"

"ieee754@^1.2.1":
  "integrity" "sha512-dcyqhDvX1C46lXZcVqCpK+FtMRQVdIMN6/Df5js2zouUsqG7I6sFxitIC+7KYK29KdXOLHdu9zL4sFnoVQnqaA=="
  "resolved" "https://registry.npmjs.org/ieee754/-/ieee754-1.2.1.tgz"
  "version" "1.2.1"

"ip-regex@^4.3.0":
  "integrity" "sha512-B9ZWJxHHOHUhUjCPrMpLD4xEq35bUTClHM1S6CBU5ixQnkZmwipwgc96vAd7AAGM9TGHvJR+Uss+/Ak6UphK+Q=="
  "resolved" "https://registry.npmjs.org/ip-regex/-/ip-regex-4.3.0.tgz"
  "version" "4.3.0"

"is-electron@2.2.0":
  "integrity" "sha512-SpMppC2XR3YdxSzczXReBjqs2zGscWQpBIKqwXYBFic0ERaxNVgwLCHwOLZeESfdJQjX0RDvrJ1lBXX2ij+G1Q=="
  "resolved" "https://registry.npmjs.org/is-electron/-/is-electron-2.2.0.tgz"
  "version" "2.2.0"

"is-stream@^1.1.0":
  "integrity" "sha1-EtSj3U5o4Lec6428hBc66A2RykQ="
  "resolved" "https://registry.npmjs.org/is-stream/-/is-stream-1.1.0.tgz"
  "version" "1.1.0"

"is-typedarray@^1.0.0":
  "integrity" "sha1-5HnICFjfDBsR3dppQPlgEfzaSpo="
  "resolved" "https://registry.npmjs.org/is-typedarray/-/is-typedarray-1.0.0.tgz"
  "version" "1.0.0"

"json-stringify-safe@^5.0.1":
  "integrity" "sha1-Epai1Y/UXxmg9s4B1lcB4sc1tus="
  "resolved" "https://registry.npmjs.org/json-stringify-safe/-/json-stringify-safe-5.0.1.tgz"
  "version" "5.0.1"

"lodash.set@^4.3.2":
  "integrity" "sha1-2HV7HagH3eJIFrDWqEvqGnYjCyM="
  "resolved" "https://registry.npmjs.org/lodash.set/-/lodash.set-4.3.2.tgz"
  "version" "4.3.2"

"mime-db@1.51.0":
  "integrity" "sha512-5y8A56jg7XVQx2mbv1lu49NR4dokRnhZYTtL+KGfaa27uq4pSTXkwQkFJl4pkRMyNFz/EtYDSkiiEHx3F7UN6g=="
  "resolved" "https://registry.npmjs.org/mime-db/-/mime-db-1.51.0.tgz"
  "version" "1.51.0"

"mime-types@^2.1.12":
  "integrity" "sha512-6cP692WwGIs9XXdOO4++N+7qjqv0rqxxVvJ3VHPh/Sc9mVZcQP+ZGhkKiTvWMQRr2tbHkJP/Yn7Y0npb3ZBs4A=="
  "resolved" "https://registry.npmjs.org/mime-types/-/mime-types-2.1.34.tgz"
  "version" "2.1.34"
  dependencies:
    "mime-db" "1.51.0"

"mock-socket@^9.1.2":
  "integrity" "sha512-uz8lx8c5wuJYJ21f5UtovqpV0+KJuVwE7cVOLNhrl2QW/CvmstOLRfjXnLSbfFHZtJtiaSGQu0oCJA8SmRcK6A=="
  "resolved" "https://registry.npmjs.org/mock-socket/-/mock-socket-9.1.3.tgz"
  "version" "9.1.3"

"ms@2.0.0":
  "integrity" "sha1-VgiurfwAvmwpAd9fmGF4jeDVl8g="
  "resolved" "https://registry.npmjs.org/ms/-/ms-2.0.0.tgz"
  "version" "2.0.0"

"ms@2.1.2":
  "integrity" "sha512-sGkPx+VjMtmA6MX27oA4FBFELFCZZ4S4XqeGOXCv68tT+jb3vk/RyaKWP0PTKyWtmLSM0b+adUTEvbs1PEaH2w=="
  "resolved" "https://registry.npmjs.org/ms/-/ms-2.1.2.tgz"
  "version" "2.1.2"

"next-tick@^1.1.0":
  "integrity" "sha512-CXdUiJembsNjuToQvxayPZF9Vqht7hewsvy2sOWafLvi2awflj9mOC6bHIg50orX8IJvWKY9wYQ/zB2kogPslQ=="
  "resolved" "https://registry.npmjs.org/next-tick/-/next-tick-1.1.0.tgz"
  "version" "1.1.0"

"nock@^13.2.4":
  "integrity" "sha512-8GPznwxcPNCH/h8B+XZcKjYPXnUV5clOKCjAqyjsiqA++MpNx9E9+t8YPp0MbThO+KauRo7aZJ1WuIZmOrT2Ug=="
  "resolved" "https://registry.npmjs.org/nock/-/nock-13.2.4.tgz"
  "version" "13.2.4"
  dependencies:
    "debug" "^4.1.0"
    "json-stringify-safe" "^5.0.1"
    "lodash.set" "^4.3.2"
    "propagate" "^2.0.0"

"node-domexception@^1.0.0":
  "integrity" "sha512-/jKZoMpw0F8GRwl4/eLROPA3cfcXtLApP0QzLmUT/HuPCZWyB7IY9ZrMeKw2O/nFIqPQB3PVM9aYm0F312AXDQ=="
  "resolved" "https://registry.npmjs.org/node-domexception/-/node-domexception-1.0.0.tgz"
  "version" "1.0.0"

"node-fetch@^2.6.7":
  "integrity" "sha512-ZjMPFEfVx5j+y2yF35Kzx5sF7kDzxuDj6ziH4FFbOp87zKDZNx8yExJIb05OGF4Nlt9IHFIMBkRl41VdvcNdbQ=="
  "resolved" "https://registry.npmjs.org/node-fetch/-/node-fetch-2.6.7.tgz"
  "version" "2.6.7"
  dependencies:
    "whatwg-url" "^5.0.0"

"node-fetch@^3.2.0":
  "integrity" "sha512-8xeimMwMItMw8hRrOl3C9/xzU49HV/yE6ORew/l+dxWimO5A4Ra8ld2rerlJvc/O7et5Z1zrWsPX43v1QBjCxw=="
  "resolved" "https://registry.npmjs.org/node-fetch/-/node-fetch-3.2.0.tgz"
  "version" "3.2.0"
  dependencies:
    "data-uri-to-buffer" "^4.0.0"
    "fetch-blob" "^3.1.4"
    "formdata-polyfill" "^4.0.10"

"node-gyp-build@^4.3.0":
  "integrity" "sha512-amJnQCcgtRVw9SvoebO3BKGESClrfXGCUTX9hSn1OuGQTQBOZmVd0Z0OlecpuRksKvbsUqALE8jls/ErClAPuQ=="
  "resolved" "https://registry.npmjs.org/node-gyp-build/-/node-gyp-build-4.4.0.tgz"
  "version" "4.4.0"

"p-finally@^1.0.0":
  "integrity" "sha1-P7z7FbiZpEEjs0ttzBi3JDNqLK4="
  "resolved" "https://registry.npmjs.org/p-finally/-/p-finally-1.0.0.tgz"
  "version" "1.0.0"

"p-queue@^6.6.1":
  "integrity" "sha512-RwFpb72c/BhQLEXIZ5K2e+AhgNVmIejGlTgiB9MzZ0e93GRvqZ7uSi0dvRF7/XIXDeNkra2fNHBxTyPDGySpjQ=="
  "resolved" "https://registry.npmjs.org/p-queue/-/p-queue-6.6.2.tgz"
  "version" "6.6.2"
  dependencies:
    "eventemitter3" "^4.0.4"
    "p-timeout" "^3.2.0"

"p-retry@^4.0.0":
  "integrity" "sha512-e2xXGNhZOZ0lfgR9kL34iGlU8N/KO0xZnQxVEwdeOvpqNDQfdnxIYizvWtK8RglUa3bGqI8g0R/BdfzLMxRkiA=="
  "resolved" "https://registry.npmjs.org/p-retry/-/p-retry-4.6.1.tgz"
  "version" "4.6.1"
  dependencies:
    "@types/retry" "^0.12.0"
    "retry" "^0.13.1"

"p-timeout@^3.2.0":
  "integrity" "sha512-rhIwUycgwwKcP9yTOOFK/AKsAopjjCakVqLHePO3CC6Mir1Z99xT+R63jZxAT5lFZLa2inS5h+ZS2GvR99/FBg=="
  "resolved" "https://registry.npmjs.org/p-timeout/-/p-timeout-3.2.0.tgz"
  "version" "3.2.0"
  dependencies:
    "p-finally" "^1.0.0"

"pako@^2.0.4":
  "integrity" "sha512-v8tweI900AUkZN6heMU/4Uy4cXRc2AYNRggVmTR+dEncawDJgCdLMximOVA2p4qO57WMynangsfGRb5WD6L1Bg=="
  "resolved" "https://registry.npmjs.org/pako/-/pako-2.0.4.tgz"
  "version" "2.0.4"

"propagate@^2.0.0":
  "integrity" "sha512-vGrhOavPSTz4QVNuBNdcNXePNdNMaO1xj9yBeH1ScQPjk/rhg9sSlCXPhMkFuaNNW/syTvYqsnbIJxMBfRbbag=="
  "resolved" "https://registry.npmjs.org/propagate/-/propagate-2.0.1.tgz"
  "version" "2.0.1"

"regenerator-runtime@^0.13.4":
  "integrity" "sha512-p3VT+cOEgxFsRRA9X4lkI1E+k2/CtnKtU4gcxyaCUreilL/vqI6CdZ3wxVUx3UOUg+gnUOQQcRI7BmSI656MYA=="
  "resolved" "https://registry.npmjs.org/regenerator-runtime/-/regenerator-runtime-0.13.9.tgz"
  "version" "0.13.9"

"retry@^0.13.1":
  "integrity" "sha512-XQBQ3I8W1Cge0Seh+6gjj03LbmRFWuoszgK9ooCpwYIrhhoO80pfq4cUkU5DkknwfOfFteRwlZ56PYOGYyFWdg=="
  "resolved" "https://registry.npmjs.org/retry/-/retry-0.13.1.tgz"
  "version" "0.13.1"

"rxjs@^7.5.5":
  "integrity" "sha512-sy+H0pQofO95VDmFLzyaw9xNJU4KTRSwQIGM6+iG3SypAtCiLDzpeG8sJrNCWn2Up9km+KhkvTdbkrdy+yzZdw=="
  "resolved" "https://registry.npmjs.org/rxjs/-/rxjs-7.5.5.tgz"
  "version" "7.5.5"
  dependencies:
    "tslib" "^2.1.0"

"tr46@~0.0.3":
  "integrity" "sha1-gYT9NH2snNwYWZLzpmIuFLnZq2o="
  "resolved" "https://registry.npmjs.org/tr46/-/tr46-0.0.3.tgz"
  "version" "0.0.3"

"tslib@^2.1.0":
  "integrity" "sha512-77EbyPPpMz+FRFRuAFlWMtmgUWGe9UOG2Z25NqCwiIjRhOf5iKGuzSe5P2w1laq+FkRy4p+PCuVkJSGkzTEKVw=="
  "resolved" "https://registry.npmjs.org/tslib/-/tslib-2.3.1.tgz"
  "version" "2.3.1"

"tweetnacl@^1.0.3", "tweetnacl@1.x.x":
  "integrity" "sha512-6rt+RN7aOi1nGMyC4Xa5DdYiukl2UWCbcJft7YhxReBGQD7OAM8Pbxw6YMo4r2diNEA8FEmu32YOn9rhaiE5yw=="
  "resolved" "https://registry.npmjs.org/tweetnacl/-/tweetnacl-1.0.3.tgz"
  "version" "1.0.3"

"type@^1.0.1":
  "integrity" "sha512-+5nt5AAniqsCnu2cEQQdpzCAh33kVx8n0VoFidKpB1dVVLAN/F+bgVOqOJqOnEnrhp222clB5p3vUlD+1QAnfg=="
  "resolved" "https://registry.npmjs.org/type/-/type-1.2.0.tgz"
  "version" "1.2.0"

"type@^2.5.0":
  "integrity" "sha512-eiDBDOmkih5pMbo9OqsqPRGMljLodLcwd5XD5JbtNB0o89xZAwynY9EdCDsJU7LtcVCClu9DvM7/0Ep1hYX3EQ=="
  "resolved" "https://registry.npmjs.org/type/-/type-2.6.0.tgz"
  "version" "2.6.0"

"typedarray-to-buffer@^3.1.5":
  "integrity" "sha512-zdu8XMNEDepKKR+XYOXAVPtWui0ly0NtohUscw+UmaHiAWT8hrV1rr//H6V+0DvJ3OQ19S979M0laLfX8rm82Q=="
  "resolved" "https://registry.npmjs.org/typedarray-to-buffer/-/typedarray-to-buffer-3.1.5.tgz"
  "version" "3.1.5"
  dependencies:
    "is-typedarray" "^1.0.0"

"utf-8-validate@^5.0.2":
  "integrity" "sha512-Yek7dAy0v3Kl0orwMlvi7TPtiCNrdfHNd7Gcc/pLq4BLXqfAmd0J7OWMizUQnTTJsyjKn02mU7anqwfmUP4J8Q=="
  "resolved" "https://registry.npmjs.org/utf-8-validate/-/utf-8-validate-5.0.9.tgz"
  "version" "5.0.9"
  dependencies:
    "node-gyp-build" "^4.3.0"

"web-streams-polyfill@^3.0.3":
  "integrity" "sha512-EqPmREeOzttaLRm5HS7io98goBgZ7IVz79aDvqjD0kYXLtFZTc0T/U6wHTPKyIjb+MdN7DFIIX6hgdBEpWmfPA=="
  "resolved" "https://registry.npmjs.org/web-streams-polyfill/-/web-streams-polyfill-3.2.0.tgz"
  "version" "3.2.0"

"webidl-conversions@^3.0.0":
  "integrity" "sha1-JFNCdeKnvGvnvIZhHMFq4KVlSHE="
  "resolved" "https://registry.npmjs.org/webidl-conversions/-/webidl-conversions-3.0.1.tgz"
  "version" "3.0.1"

"websocket@^1.0.32", "websocket@^1.0.34":
  "integrity" "sha512-PRDso2sGwF6kM75QykIesBijKSVceR6jL2G8NGYyq2XrItNC2P5/qL5XeR056GhA+Ly7JMFvJb9I312mJfmqnQ=="
  "resolved" "https://registry.npmjs.org/websocket/-/websocket-1.0.34.tgz"
  "version" "1.0.34"
  dependencies:
    "bufferutil" "^4.0.1"
    "debug" "^2.2.0"
    "es5-ext" "^0.10.50"
    "typedarray-to-buffer" "^3.1.5"
    "utf-8-validate" "^5.0.2"
    "yaeti" "^0.0.6"

"whatwg-url@^5.0.0":
  "integrity" "sha1-lmRU6HZUYuN2RNNib2dCzotwll0="
  "resolved" "https://registry.npmjs.org/whatwg-url/-/whatwg-url-5.0.0.tgz"
  "version" "5.0.0"
  dependencies:
    "tr46" "~0.0.3"
    "webidl-conversions" "^3.0.0"

"yaeti@^0.0.6":
  "integrity" "sha1-8m9ITXJoTPQr7ft2lwqhYI+/lXc="
  "resolved" "https://registry.npmjs.org/yaeti/-/yaeti-0.0.6.tgz"
  "version" "0.0.6"
