# THIS IS AN AUTOGENERATED FILE. DO NOT EDIT THIS FILE DIRECTLY.
# yarn lockfile v1


"@babel/runtime@^7.18.6":
  version "7.18.6"
  resolved "https://registry.npmjs.org/@babel/runtime/-/runtime-7.18.6.tgz"
  dependencies:
    regenerator-runtime "^0.13.4"

"@cspotcode/source-map-consumer@0.8.0":
  version "0.8.0"
  resolved "https://registry.npmjs.org/@cspotcode/source-map-consumer/-/source-map-consumer-0.8.0.tgz"

"@cspotcode/source-map-support@0.7.0":
  version "0.7.0"
  resolved "https://registry.npmjs.org/@cspotcode/source-map-support/-/source-map-support-0.7.0.tgz"
  dependencies:
    "@cspotcode/source-map-consumer" "0.8.0"

"@noble/hashes@1.1.2":
  version "1.1.2"
  resolved "https://registry.npmjs.org/@noble/hashes/-/hashes-1.1.2.tgz"

"@noble/secp256k1@1.6.0":
  version "1.6.0"
  resolved "https://registry.npmjs.org/@noble/secp256k1/-/secp256k1-1.6.0.tgz"

"@polkadot/api-augment@8.12.2":
  version "8.12.2"
  resolved "https://registry.npmjs.org/@polkadot/api-augment/-/api-augment-8.12.2.tgz"
  dependencies:
    "@babel/runtime" "^7.18.6"
    "@polkadot/api-base" "8.12.2"
    "@polkadot/rpc-augment" "8.12.2"
    "@polkadot/types" "8.12.2"
    "@polkadot/types-augment" "8.12.2"
    "@polkadot/types-codec" "8.12.2"
    "@polkadot/util" "^10.0.2"

"@polkadot/api-base@8.12.2":
  version "8.12.2"
  resolved "https://registry.npmjs.org/@polkadot/api-base/-/api-base-8.12.2.tgz"
  dependencies:
    "@babel/runtime" "^7.18.6"
    "@polkadot/rpc-core" "8.12.2"
    "@polkadot/types" "8.12.2"
    "@polkadot/util" "^10.0.2"
    rxjs "^7.5.5"

"@polkadot/api-derive@8.12.2":
  version "8.12.2"
  resolved "https://registry.npmjs.org/@polkadot/api-derive/-/api-derive-8.12.2.tgz"
  dependencies:
    "@babel/runtime" "^7.18.6"
    "@polkadot/api" "8.12.2"
    "@polkadot/api-augment" "8.12.2"
    "@polkadot/api-base" "8.12.2"
    "@polkadot/rpc-core" "8.12.2"
    "@polkadot/types" "8.12.2"
    "@polkadot/types-codec" "8.12.2"
    "@polkadot/util" "^10.0.2"
    "@polkadot/util-crypto" "^10.0.2"
    rxjs "^7.5.5"

"@polkadot/api@8.12.2", "@polkadot/api@^8.12.2":
  version "8.12.2"
  resolved "https://registry.npmjs.org/@polkadot/api/-/api-8.12.2.tgz"
  dependencies:
    "@babel/runtime" "^7.18.6"
    "@polkadot/api-augment" "8.12.2"
    "@polkadot/api-base" "8.12.2"
    "@polkadot/api-derive" "8.12.2"
    "@polkadot/keyring" "^10.0.2"
    "@polkadot/rpc-augment" "8.12.2"
    "@polkadot/rpc-core" "8.12.2"
    "@polkadot/rpc-provider" "8.12.2"
    "@polkadot/types" "8.12.2"
    "@polkadot/types-augment" "8.12.2"
    "@polkadot/types-codec" "8.12.2"
    "@polkadot/types-create" "8.12.2"
    "@polkadot/types-known" "8.12.2"
    "@polkadot/util" "^10.0.2"
    "@polkadot/util-crypto" "^10.0.2"
    eventemitter3 "^4.0.7"
    rxjs "^7.5.5"

"@polkadot/keyring@^10.0.2":
  version "10.0.2"
  resolved "https://registry.npmjs.org/@polkadot/keyring/-/keyring-10.0.2.tgz"
  dependencies:
    "@babel/runtime" "^7.18.6"
    "@polkadot/util" "10.0.2"
    "@polkadot/util-crypto" "10.0.2"

"@polkadot/networks@10.0.2", "@polkadot/networks@^10.0.2":
  version "10.0.2"
  resolved "https://registry.npmjs.org/@polkadot/networks/-/networks-10.0.2.tgz"
  dependencies:
    "@babel/runtime" "^7.18.6"
    "@polkadot/util" "10.0.2"
    "@substrate/ss58-registry" "^1.23.0"

"@polkadot/rpc-augment@8.12.2":
  version "8.12.2"
  resolved "https://registry.npmjs.org/@polkadot/rpc-augment/-/rpc-augment-8.12.2.tgz"
  dependencies:
    "@babel/runtime" "^7.18.6"
    "@polkadot/rpc-core" "8.12.2"
    "@polkadot/types" "8.12.2"
    "@polkadot/types-codec" "8.12.2"
    "@polkadot/util" "^10.0.2"

"@polkadot/rpc-core@8.12.2":
  version "8.12.2"
  resolved "https://registry.npmjs.org/@polkadot/rpc-core/-/rpc-core-8.12.2.tgz"
  dependencies:
    "@babel/runtime" "^7.18.6"
    "@polkadot/rpc-augment" "8.12.2"
    "@polkadot/rpc-provider" "8.12.2"
    "@polkadot/types" "8.12.2"
    "@polkadot/util" "^10.0.2"
    rxjs "^7.5.5"

"@polkadot/rpc-provider@8.12.2":
  version "8.12.2"
  resolved "https://registry.npmjs.org/@polkadot/rpc-provider/-/rpc-provider-8.12.2.tgz"
  dependencies:
    "@babel/runtime" "^7.18.6"
    "@polkadot/keyring" "^10.0.2"
    "@polkadot/types" "8.12.2"
    "@polkadot/types-support" "8.12.2"
    "@polkadot/util" "^10.0.2"
    "@polkadot/util-crypto" "^10.0.2"
    "@polkadot/x-fetch" "^10.0.2"
    "@polkadot/x-global" "^10.0.2"
    "@polkadot/x-ws" "^10.0.2"
    "@substrate/connect" "0.7.7"
    eventemitter3 "^4.0.7"
    mock-socket "^9.1.5"
    nock "^13.2.8"

"@polkadot/types-augment@8.12.2", "@polkadot/types-augment@^8.12.2":
  version "8.12.2"
  resolved "https://registry.npmjs.org/@polkadot/types-augment/-/types-augment-8.12.2.tgz"
  dependencies:
    "@babel/runtime" "^7.18.6"
    "@polkadot/types" "8.12.2"
    "@polkadot/types-codec" "8.12.2"
    "@polkadot/util" "^10.0.2"

"@polkadot/types-codec@8.12.2":
  version "8.12.2"
  resolved "https://registry.npmjs.org/@polkadot/types-codec/-/types-codec-8.12.2.tgz"
  dependencies:
    "@babel/runtime" "^7.18.6"
    "@polkadot/util" "^10.0.2"
    "@polkadot/x-bigint" "^10.0.2"

"@polkadot/types-create@8.12.2":
  version "8.12.2"
  resolved "https://registry.npmjs.org/@polkadot/types-create/-/types-create-8.12.2.tgz"
  dependencies:
    "@babel/runtime" "^7.18.6"
    "@polkadot/types-codec" "8.12.2"
    "@polkadot/util" "^10.0.2"

"@polkadot/types-known@8.12.2":
  version "8.12.2"
  resolved "https://registry.npmjs.org/@polkadot/types-known/-/types-known-8.12.2.tgz"
  dependencies:
    "@babel/runtime" "^7.18.6"
    "@polkadot/networks" "^10.0.2"
    "@polkadot/types" "8.12.2"
    "@polkadot/types-codec" "8.12.2"
    "@polkadot/types-create" "8.12.2"
    "@polkadot/util" "^10.0.2"

"@polkadot/types-support@8.12.2":
  version "8.12.2"
  resolved "https://registry.npmjs.org/@polkadot/types-support/-/types-support-8.12.2.tgz"
  dependencies:
    "@babel/runtime" "^7.18.6"
    "@polkadot/util" "^10.0.2"

"@polkadot/types@8.12.2":
  version "8.12.2"
  resolved "https://registry.npmjs.org/@polkadot/types/-/types-8.12.2.tgz"
  dependencies:
    "@babel/runtime" "^7.18.6"
    "@polkadot/keyring" "^10.0.2"
    "@polkadot/types-augment" "8.12.2"
    "@polkadot/types-codec" "8.12.2"
    "@polkadot/types-create" "8.12.2"
    "@polkadot/util" "^10.0.2"
    "@polkadot/util-crypto" "^10.0.2"
    rxjs "^7.5.5"

"@polkadot/util-crypto@10.0.2", "@polkadot/util-crypto@^10.0.2":
  version "10.0.2"
  resolved "https://registry.npmjs.org/@polkadot/util-crypto/-/util-crypto-10.0.2.tgz"
  dependencies:
    "@babel/runtime" "^7.18.6"
    "@noble/hashes" "1.1.2"
    "@noble/secp256k1" "1.6.0"
    "@polkadot/networks" "10.0.2"
    "@polkadot/util" "10.0.2"
    "@polkadot/wasm-crypto" "^6.2.3"
    "@polkadot/x-bigint" "10.0.2"
    "@polkadot/x-randomvalues" "10.0.2"
    "@scure/base" "1.1.1"
    ed2curve "^0.3.0"
    tweetnacl "^1.0.3"

"@polkadot/util@10.0.2", "@polkadot/util@^10.0.2":
  version "10.0.2"
  resolved "https://registry.npmjs.org/@polkadot/util/-/util-10.0.2.tgz"
  dependencies:
    "@babel/runtime" "^7.18.6"
    "@polkadot/x-bigint" "10.0.2"
    "@polkadot/x-global" "10.0.2"
    "@polkadot/x-textdecoder" "10.0.2"
    "@polkadot/x-textencoder" "10.0.2"
    "@types/bn.js" "^5.1.0"
    bn.js "^5.2.1"

"@polkadot/wasm-bridge@6.2.3":
  version "6.2.3"
  resolved "https://registry.npmjs.org/@polkadot/wasm-bridge/-/wasm-bridge-6.2.3.tgz"
  dependencies:
    "@babel/runtime" "^7.18.6"

"@polkadot/wasm-crypto-asmjs@6.2.3":
  version "6.2.3"
  resolved "https://registry.npmjs.org/@polkadot/wasm-crypto-asmjs/-/wasm-crypto-asmjs-6.2.3.tgz"
  dependencies:
    "@babel/runtime" "^7.18.6"

"@polkadot/wasm-crypto-init@6.2.3":
  version "6.2.3"
  resolved "https://registry.npmjs.org/@polkadot/wasm-crypto-init/-/wasm-crypto-init-6.2.3.tgz"
  dependencies:
    "@babel/runtime" "^7.18.6"
    "@polkadot/wasm-bridge" "6.2.3"
    "@polkadot/wasm-crypto-asmjs" "6.2.3"
    "@polkadot/wasm-crypto-wasm" "6.2.3"

"@polkadot/wasm-crypto-wasm@6.2.3":
  version "6.2.3"
  resolved "https://registry.npmjs.org/@polkadot/wasm-crypto-wasm/-/wasm-crypto-wasm-6.2.3.tgz"
  dependencies:
    "@babel/runtime" "^7.18.6"
    "@polkadot/wasm-util" "6.2.3"

"@polkadot/wasm-crypto@^6.2.3":
  version "6.2.3"
  resolved "https://registry.npmjs.org/@polkadot/wasm-crypto/-/wasm-crypto-6.2.3.tgz"
  dependencies:
    "@babel/runtime" "^7.18.6"
    "@polkadot/wasm-bridge" "6.2.3"
    "@polkadot/wasm-crypto-asmjs" "6.2.3"
    "@polkadot/wasm-crypto-init" "6.2.3"
    "@polkadot/wasm-crypto-wasm" "6.2.3"
    "@polkadot/wasm-util" "6.2.3"

"@polkadot/wasm-util@6.2.3":
  version "6.2.3"
  resolved "https://registry.npmjs.org/@polkadot/wasm-util/-/wasm-util-6.2.3.tgz"
  dependencies:
    "@babel/runtime" "^7.18.6"

"@polkadot/x-bigint@10.0.2", "@polkadot/x-bigint@^10.0.2":
  version "10.0.2"
  resolved "https://registry.npmjs.org/@polkadot/x-bigint/-/x-bigint-10.0.2.tgz"
  dependencies:
    "@babel/runtime" "^7.18.6"
    "@polkadot/x-global" "10.0.2"

"@polkadot/x-fetch@^10.0.2":
  version "10.0.2"
  resolved "https://registry.npmjs.org/@polkadot/x-fetch/-/x-fetch-10.0.2.tgz"
  dependencies:
    "@babel/runtime" "^7.18.6"
    "@polkadot/x-global" "10.0.2"
    "@types/node-fetch" "^2.6.2"
    node-fetch "^3.2.6"

"@polkadot/x-global@10.0.2", "@polkadot/x-global@^10.0.2":
  version "10.0.2"
  resolved "https://registry.npmjs.org/@polkadot/x-global/-/x-global-10.0.2.tgz"
  dependencies:
    "@babel/runtime" "^7.18.6"

"@polkadot/x-randomvalues@10.0.2":
  version "10.0.2"
  resolved "https://registry.npmjs.org/@polkadot/x-randomvalues/-/x-randomvalues-10.0.2.tgz"
  dependencies:
    "@babel/runtime" "^7.18.6"
    "@polkadot/x-global" "10.0.2"

"@polkadot/x-textdecoder@10.0.2":
  version "10.0.2"
  resolved "https://registry.npmjs.org/@polkadot/x-textdecoder/-/x-textdecoder-10.0.2.tgz"
  dependencies:
    "@babel/runtime" "^7.18.6"
    "@polkadot/x-global" "10.0.2"

"@polkadot/x-textencoder@10.0.2":
  version "10.0.2"
  resolved "https://registry.npmjs.org/@polkadot/x-textencoder/-/x-textencoder-10.0.2.tgz"
  dependencies:
    "@babel/runtime" "^7.18.6"
    "@polkadot/x-global" "10.0.2"

"@polkadot/x-ws@^10.0.2":
  version "10.0.2"
  resolved "https://registry.npmjs.org/@polkadot/x-ws/-/x-ws-10.0.2.tgz"
  dependencies:
    "@babel/runtime" "^7.18.6"
    "@polkadot/x-global" "10.0.2"
    "@types/websocket" "^1.0.5"
    websocket "^1.0.34"

"@scure/base@1.1.1":
  version "1.1.1"
  resolved "https://registry.npmjs.org/@scure/base/-/base-1.1.1.tgz"

"@slack/logger@^3.0.0":
  version "3.0.0"
  resolved "https://registry.npmjs.org/@slack/logger/-/logger-3.0.0.tgz"
  dependencies:
    "@types/node" ">=12.0.0"

"@slack/types@^2.0.0":
  version "2.4.0"
  resolved "https://registry.npmjs.org/@slack/types/-/types-2.4.0.tgz"

"@slack/web-api@^6.6.0":
  version "6.6.0"
  resolved "https://registry.npmjs.org/@slack/web-api/-/web-api-6.6.0.tgz"
  dependencies:
    "@slack/logger" "^3.0.0"
    "@slack/types" "^2.0.0"
    "@types/is-stream" "^1.1.0"
    "@types/node" ">=12.0.0"
    axios "^0.25.0"
    eventemitter3 "^3.1.0"
    form-data "^2.5.0"
    is-electron "2.2.0"
    is-stream "^1.1.0"
    p-queue "^6.6.1"
    p-retry "^4.0.0"

"@substrate/connect-extension-protocol@^1.0.0":
  version "1.0.1"
  resolved "https://registry.npmjs.org/@substrate/connect-extension-protocol/-/connect-extension-protocol-1.0.1.tgz"

"@substrate/connect@0.7.7":
  version "0.7.7"
  resolved "https://registry.npmjs.org/@substrate/connect/-/connect-0.7.7.tgz"
  dependencies:
    "@substrate/connect-extension-protocol" "^1.0.0"
    "@substrate/smoldot-light" "0.6.19"
    eventemitter3 "^4.0.7"

"@substrate/smoldot-light@0.6.19":
  version "0.6.19"
  resolved "https://registry.npmjs.org/@substrate/smoldot-light/-/smoldot-light-0.6.19.tgz"
  dependencies:
    buffer "^6.0.1"
    pako "^2.0.4"
    websocket "^1.0.32"

"@substrate/ss58-registry@^1.23.0":
  version "1.23.0"
  resolved "https://registry.npmjs.org/@substrate/ss58-registry/-/ss58-registry-1.23.0.tgz"

"@tsconfig/node10@^1.0.7":
  version "1.0.8"
  resolved "https://registry.npmjs.org/@tsconfig/node10/-/node10-1.0.8.tgz"

"@tsconfig/node12@^1.0.7":
  version "1.0.9"
  resolved "https://registry.npmjs.org/@tsconfig/node12/-/node12-1.0.9.tgz"

"@tsconfig/node14@^1.0.0":
  version "1.0.1"
  resolved "https://registry.npmjs.org/@tsconfig/node14/-/node14-1.0.1.tgz"

"@tsconfig/node16@^1.0.2":
  version "1.0.2"
  resolved "https://registry.npmjs.org/@tsconfig/node16/-/node16-1.0.2.tgz"

"@types/bn.js@^5.1.0":
  version "5.1.0"
  resolved "https://registry.npmjs.org/@types/bn.js/-/bn.js-5.1.0.tgz"
  dependencies:
    "@types/node" "*"

"@types/is-stream@^1.1.0":
  version "1.1.0"
  resolved "https://registry.npmjs.org/@types/is-stream/-/is-stream-1.1.0.tgz"
  dependencies:
    "@types/node" "*"

"@types/node-fetch@^2.6.2":
  version "2.6.2"
  resolved "https://registry.npmjs.org/@types/node-fetch/-/node-fetch-2.6.2.tgz"
  dependencies:
    "@types/node" "*"
    form-data "^3.0.0"

"@types/node@*", "@types/node@>=12.0.0":
  version "17.0.16"
  resolved "https://registry.npmjs.org/@types/node/-/node-17.0.16.tgz"

"@types/retry@^0.12.0":
  version "0.12.1"
  resolved "https://registry.npmjs.org/@types/retry/-/retry-0.12.1.tgz"

"@types/websocket@^1.0.5":
  version "1.0.5"
  resolved "https://registry.npmjs.org/@types/websocket/-/websocket-1.0.5.tgz"
  dependencies:
    "@types/node" "*"

acorn-walk@^8.1.1:
  version "8.2.0"
  resolved "https://registry.npmjs.org/acorn-walk/-/acorn-walk-8.2.0.tgz"

acorn@^8.4.1:
  version "8.7.0"
  resolved "https://registry.npmjs.org/acorn/-/acorn-8.7.0.tgz"

ajv@^6.12.3:
  version "6.12.6"
  resolved "https://registry.npmjs.org/ajv/-/ajv-6.12.6.tgz"
  dependencies:
    fast-deep-equal "^3.1.1"
    fast-json-stable-stringify "^2.0.0"
    json-schema-traverse "^0.4.1"
    uri-js "^4.2.2"

arg@^4.1.0:
  version "4.1.3"
  resolved "https://registry.npmjs.org/arg/-/arg-4.1.3.tgz"

argparse@^2.0.1:
  version "2.0.1"
  resolved "https://registry.npmjs.org/argparse/-/argparse-2.0.1.tgz"

asn1@~0.2.3:
  version "0.2.6"
  resolved "https://registry.npmjs.org/asn1/-/asn1-0.2.6.tgz"
  dependencies:
    safer-buffer "~2.1.0"

assert-plus@1.0.0, assert-plus@^1.0.0:
  version "1.0.0"
  resolved "https://registry.npmjs.org/assert-plus/-/assert-plus-1.0.0.tgz"

asynckit@^0.4.0:
  version "0.4.0"
  resolved "https://registry.npmjs.org/asynckit/-/asynckit-0.4.0.tgz"

aws-sign2@~0.7.0:
  version "0.7.0"
  resolved "https://registry.npmjs.org/aws-sign2/-/aws-sign2-0.7.0.tgz"

aws4@^1.8.0:
  version "1.11.0"
  resolved "https://registry.npmjs.org/aws4/-/aws4-1.11.0.tgz"

axios@^0.25.0:
  version "0.25.0"
  resolved "https://registry.npmjs.org/axios/-/axios-0.25.0.tgz"
  dependencies:
    follow-redirects "^1.14.7"

base64-js@^1.3.1:
  version "1.5.1"
  resolved "https://registry.npmjs.org/base64-js/-/base64-js-1.5.1.tgz"

bcrypt-pbkdf@^1.0.0:
  version "1.0.2"
  resolved "https://registry.npmjs.org/bcrypt-pbkdf/-/bcrypt-pbkdf-1.0.2.tgz"
  dependencies:
    tweetnacl "^0.14.3"

bn.js@^5.2.1:
  version "5.2.1"
  resolved "https://registry.npmjs.org/bn.js/-/bn.js-5.2.1.tgz"

buffer@^6.0.1:
  version "6.0.3"
  resolved "https://registry.npmjs.org/buffer/-/buffer-6.0.3.tgz"
  dependencies:
    base64-js "^1.3.1"
    ieee754 "^1.2.1"

bufferutil@^4.0.1:
  version "4.0.6"
  resolved "https://registry.npmjs.org/bufferutil/-/bufferutil-4.0.6.tgz"
  dependencies:
    node-gyp-build "^4.3.0"

caseless@~0.12.0:
  version "0.12.0"
  resolved "https://registry.npmjs.org/caseless/-/caseless-0.12.0.tgz"

combined-stream@^1.0.6, combined-stream@^1.0.8, combined-stream@~1.0.6:
  version "1.0.8"
  resolved "https://registry.npmjs.org/combined-stream/-/combined-stream-1.0.8.tgz"
  dependencies:
    delayed-stream "~1.0.0"

core-util-is@1.0.2:
  version "1.0.2"
  resolved "https://registry.npmjs.org/core-util-is/-/core-util-is-1.0.2.tgz"

create-require@^1.1.0:
  version "1.1.1"
  resolved "https://registry.npmjs.org/create-require/-/create-require-1.1.1.tgz"

d@1, d@^1.0.1:
  version "1.0.1"
  resolved "https://registry.npmjs.org/d/-/d-1.0.1.tgz"
  dependencies:
    es5-ext "^0.10.50"
    type "^1.0.1"

dashdash@^1.12.0:
  version "1.14.1"
  resolved "https://registry.npmjs.org/dashdash/-/dashdash-1.14.1.tgz"
  dependencies:
    assert-plus "^1.0.0"

data-uri-to-buffer@^4.0.0:
  version "4.0.0"
  resolved "https://registry.npmjs.org/data-uri-to-buffer/-/data-uri-to-buffer-4.0.0.tgz"

debug@^2.2.0:
  version "2.6.9"
  resolved "https://registry.npmjs.org/debug/-/debug-2.6.9.tgz"
  dependencies:
    ms "2.0.0"

debug@^4.1.0:
  version "4.3.4"
  resolved "https://registry.npmjs.org/debug/-/debug-4.3.4.tgz"
  dependencies:
    ms "2.1.2"

delayed-stream@~1.0.0:
  version "1.0.0"
  resolved "https://registry.npmjs.org/delayed-stream/-/delayed-stream-1.0.0.tgz"

diff@^4.0.1:
  version "4.0.2"
  resolved "https://registry.npmjs.org/diff/-/diff-4.0.2.tgz"

ecc-jsbn@~0.1.1:
  version "0.1.2"
  resolved "https://registry.npmjs.org/ecc-jsbn/-/ecc-jsbn-0.1.2.tgz"
  dependencies:
    jsbn "~0.1.0"
    safer-buffer "^2.1.0"

ed2curve@^0.3.0:
  version "0.3.0"
  resolved "https://registry.npmjs.org/ed2curve/-/ed2curve-0.3.0.tgz"
  dependencies:
    tweetnacl "1.x.x"

es5-ext@^0.10.35, es5-ext@^0.10.50:
  version "0.10.61"
  resolved "https://registry.npmjs.org/es5-ext/-/es5-ext-0.10.61.tgz"
  dependencies:
    es6-iterator "^2.0.3"
    es6-symbol "^3.1.3"
    next-tick "^1.1.0"

es6-iterator@^2.0.3:
  version "2.0.3"
  resolved "https://registry.npmjs.org/es6-iterator/-/es6-iterator-2.0.3.tgz"
  dependencies:
    d "1"
    es5-ext "^0.10.35"
    es6-symbol "^3.1.1"

es6-symbol@^3.1.1, es6-symbol@^3.1.3:
  version "3.1.3"
  resolved "https://registry.npmjs.org/es6-symbol/-/es6-symbol-3.1.3.tgz"
  dependencies:
    d "^1.0.1"
    ext "^1.1.2"

eventemitter3@^3.1.0:
  version "3.1.2"
  resolved "https://registry.npmjs.org/eventemitter3/-/eventemitter3-3.1.2.tgz"

eventemitter3@^4.0.4, eventemitter3@^4.0.7:
  version "4.0.7"
  resolved "https://registry.npmjs.org/eventemitter3/-/eventemitter3-4.0.7.tgz"

ext@^1.1.2:
  version "1.6.0"
  resolved "https://registry.npmjs.org/ext/-/ext-1.6.0.tgz"
  dependencies:
    type "^2.5.0"

extend@~3.0.2:
  version "3.0.2"
  resolved "https://registry.npmjs.org/extend/-/extend-3.0.2.tgz"

extsprintf@1.3.0, extsprintf@^1.2.0:
  version "1.3.0"
  resolved "https://registry.npmjs.org/extsprintf/-/extsprintf-1.3.0.tgz"

fast-deep-equal@^3.1.1:
  version "3.1.3"
  resolved "https://registry.npmjs.org/fast-deep-equal/-/fast-deep-equal-3.1.3.tgz"

fast-json-stable-stringify@^2.0.0:
  version "2.1.0"
  resolved "https://registry.npmjs.org/fast-json-stable-stringify/-/fast-json-stable-stringify-2.1.0.tgz"

fetch-blob@^3.1.2, fetch-blob@^3.1.4:
  version "3.1.4"
  resolved "https://registry.npmjs.org/fetch-blob/-/fetch-blob-3.1.4.tgz"
  dependencies:
    node-domexception "^1.0.0"
    web-streams-polyfill "^3.0.3"

follow-redirects@^1.14.7, follow-redirects@^1.14.8:
  version "1.14.8"
  resolved "https://registry.yarnpkg.com/follow-redirects/-/follow-redirects-1.14.8.tgz#016996fb9a11a100566398b1c6839337d7bfa8fc"

forever-agent@~0.6.1:
  version "0.6.1"
  resolved "https://registry.npmjs.org/forever-agent/-/forever-agent-0.6.1.tgz"

form-data@^2.5.0:
  version "2.5.1"
  resolved "https://registry.npmjs.org/form-data/-/form-data-2.5.1.tgz"
  dependencies:
    asynckit "^0.4.0"
    combined-stream "^1.0.6"
    mime-types "^2.1.12"

form-data@^3.0.0:
  version "3.0.1"
  resolved "https://registry.npmjs.org/form-data/-/form-data-3.0.1.tgz"
  dependencies:
    asynckit "^0.4.0"
    combined-stream "^1.0.8"
    mime-types "^2.1.12"

form-data@~2.3.2:
  version "2.3.3"
  resolved "https://registry.npmjs.org/form-data/-/form-data-2.3.3.tgz"
  dependencies:
    asynckit "^0.4.0"
    combined-stream "^1.0.6"
    mime-types "^2.1.12"

formdata-polyfill@^4.0.10:
  version "4.0.10"
  resolved "https://registry.npmjs.org/formdata-polyfill/-/formdata-polyfill-4.0.10.tgz"
  dependencies:
    fetch-blob "^3.1.2"

getpass@^0.1.1:
  version "0.1.7"
  resolved "https://registry.npmjs.org/getpass/-/getpass-0.1.7.tgz"
  dependencies:
    assert-plus "^1.0.0"

har-schema@^2.0.0:
  version "2.0.0"
  resolved "https://registry.npmjs.org/har-schema/-/har-schema-2.0.0.tgz"

har-validator@~5.1.3:
  version "5.1.5"
  resolved "https://registry.npmjs.org/har-validator/-/har-validator-5.1.5.tgz"
  dependencies:
    ajv "^6.12.3"
    har-schema "^2.0.0"

http-signature@~1.2.0:
  version "1.2.0"
  resolved "https://registry.npmjs.org/http-signature/-/http-signature-1.2.0.tgz"
  dependencies:
    assert-plus "^1.0.0"
    jsprim "^1.2.2"
    sshpk "^1.7.0"

ieee754@^1.2.1:
  version "1.2.1"
  resolved "https://registry.npmjs.org/ieee754/-/ieee754-1.2.1.tgz"

is-electron@2.2.0:
  version "2.2.0"
  resolved "https://registry.npmjs.org/is-electron/-/is-electron-2.2.0.tgz"

is-stream@^1.1.0:
  version "1.1.0"
  resolved "https://registry.npmjs.org/is-stream/-/is-stream-1.1.0.tgz"

is-typedarray@^1.0.0, is-typedarray@~1.0.0:
  version "1.0.0"
  resolved "https://registry.npmjs.org/is-typedarray/-/is-typedarray-1.0.0.tgz"

isstream@~0.1.2:
  version "0.1.2"
  resolved "https://registry.npmjs.org/isstream/-/isstream-0.1.2.tgz"

js-yaml@^4.1.0:
  version "4.1.0"
  resolved "https://registry.npmjs.org/js-yaml/-/js-yaml-4.1.0.tgz"
  dependencies:
    argparse "^2.0.1"

jsbn@~0.1.0:
  version "0.1.1"
  resolved "https://registry.npmjs.org/jsbn/-/jsbn-0.1.1.tgz"

json-schema-traverse@^0.4.1:
  version "0.4.1"
  resolved "https://registry.npmjs.org/json-schema-traverse/-/json-schema-traverse-0.4.1.tgz"

json-schema@0.4.0:
  version "0.4.0"
  resolved "https://registry.npmjs.org/json-schema/-/json-schema-0.4.0.tgz"

json-stringify-safe@^5.0.1, json-stringify-safe@~5.0.1:
  version "5.0.1"
  resolved "https://registry.npmjs.org/json-stringify-safe/-/json-stringify-safe-5.0.1.tgz"

jsprim@^1.2.2:
  version "1.4.2"
  resolved "https://registry.npmjs.org/jsprim/-/jsprim-1.4.2.tgz"
  dependencies:
    assert-plus "1.0.0"
    extsprintf "1.3.0"
    json-schema "0.4.0"
    verror "1.10.0"

lodash@^4.17.21:
  version "4.17.21"
  resolved "https://registry.npmjs.org/lodash/-/lodash-4.17.21.tgz"

make-error@^1.1.1:
  version "1.3.6"
  resolved "https://registry.npmjs.org/make-error/-/make-error-1.3.6.tgz"

mime-db@1.51.0:
  version "1.51.0"
  resolved "https://registry.npmjs.org/mime-db/-/mime-db-1.51.0.tgz"

mime-types@^2.1.12, mime-types@~2.1.19:
  version "2.1.34"
  resolved "https://registry.npmjs.org/mime-types/-/mime-types-2.1.34.tgz"
  dependencies:
    mime-db "1.51.0"

mock-socket@^9.1.5:
  version "9.1.5"
  resolved "https://registry.npmjs.org/mock-socket/-/mock-socket-9.1.5.tgz"

ms@2.0.0:
  version "2.0.0"
  resolved "https://registry.npmjs.org/ms/-/ms-2.0.0.tgz"

ms@2.1.2:
  version "2.1.2"
  resolved "https://registry.npmjs.org/ms/-/ms-2.1.2.tgz"

next-tick@^1.1.0:
  version "1.1.0"
  resolved "https://registry.npmjs.org/next-tick/-/next-tick-1.1.0.tgz"

nock@^13.2.8:
  version "13.2.8"
  resolved "https://registry.npmjs.org/nock/-/nock-13.2.8.tgz"
  dependencies:
    debug "^4.1.0"
    json-stringify-safe "^5.0.1"
    lodash "^4.17.21"
    propagate "^2.0.0"

node-domexception@^1.0.0:
  version "1.0.0"
  resolved "https://registry.npmjs.org/node-domexception/-/node-domexception-1.0.0.tgz"

node-fetch@^3.2.0, node-fetch@^3.2.6:
  version "3.2.8"
  resolved "https://registry.npmjs.org/node-fetch/-/node-fetch-3.2.8.tgz"
  dependencies:
    data-uri-to-buffer "^4.0.0"
    fetch-blob "^3.1.4"
    formdata-polyfill "^4.0.10"

node-gyp-build@^4.3.0:
  version "4.5.0"
  resolved "https://registry.npmjs.org/node-gyp-build/-/node-gyp-build-4.5.0.tgz"

oauth-sign@~0.9.0:
  version "0.9.0"
  resolved "https://registry.npmjs.org/oauth-sign/-/oauth-sign-0.9.0.tgz"

p-finally@^1.0.0:
  version "1.0.0"
  resolved "https://registry.npmjs.org/p-finally/-/p-finally-1.0.0.tgz"

p-queue@^6.6.1:
  version "6.6.2"
  resolved "https://registry.npmjs.org/p-queue/-/p-queue-6.6.2.tgz"
  dependencies:
    eventemitter3 "^4.0.4"
    p-timeout "^3.2.0"

p-retry@^4.0.0:
  version "4.6.1"
  resolved "https://registry.npmjs.org/p-retry/-/p-retry-4.6.1.tgz"
  dependencies:
    "@types/retry" "^0.12.0"
    retry "^0.13.1"

p-timeout@^3.2.0:
  version "3.2.0"
  resolved "https://registry.npmjs.org/p-timeout/-/p-timeout-3.2.0.tgz"
  dependencies:
    p-finally "^1.0.0"

pako@^2.0.4:
  version "2.0.4"
  resolved "https://registry.npmjs.org/pako/-/pako-2.0.4.tgz"

performance-now@^2.1.0:
  version "2.1.0"
  resolved "https://registry.npmjs.org/performance-now/-/performance-now-2.1.0.tgz"

propagate@^2.0.0:
  version "2.0.1"
  resolved "https://registry.npmjs.org/propagate/-/propagate-2.0.1.tgz"

psl@^1.1.28:
  version "1.8.0"
  resolved "https://registry.npmjs.org/psl/-/psl-1.8.0.tgz"

punycode@^2.1.0, punycode@^2.1.1:
  version "2.1.1"
  resolved "https://registry.npmjs.org/punycode/-/punycode-2.1.1.tgz"

qs@~6.5.2:
  version "6.5.3"
  resolved "https://registry.npmjs.org/qs/-/qs-6.5.3.tgz"

regenerator-runtime@^0.13.4:
  version "0.13.9"
  resolved "https://registry.npmjs.org/regenerator-runtime/-/regenerator-runtime-0.13.9.tgz"

request@^2.88.2:
  version "2.88.2"
  resolved "https://registry.npmjs.org/request/-/request-2.88.2.tgz"
  dependencies:
    aws-sign2 "~0.7.0"
    aws4 "^1.8.0"
    caseless "~0.12.0"
    combined-stream "~1.0.6"
    extend "~3.0.2"
    forever-agent "~0.6.1"
    form-data "~2.3.2"
    har-validator "~5.1.3"
    http-signature "~1.2.0"
    is-typedarray "~1.0.0"
    isstream "~0.1.2"
    json-stringify-safe "~5.0.1"
    mime-types "~2.1.19"
    oauth-sign "~0.9.0"
    performance-now "^2.1.0"
    qs "~6.5.2"
    safe-buffer "^5.1.2"
    tough-cookie "~2.5.0"
    tunnel-agent "^0.6.0"
    uuid "^3.3.2"

retry@^0.13.1:
  version "0.13.1"
  resolved "https://registry.npmjs.org/retry/-/retry-0.13.1.tgz"

rxjs@^7.5.5:
  version "7.5.6"
  resolved "https://registry.npmjs.org/rxjs/-/rxjs-7.5.6.tgz"
  dependencies:
    tslib "^2.1.0"

safe-buffer@^5.0.1, safe-buffer@^5.1.2:
  version "5.2.1"
  resolved "https://registry.npmjs.org/safe-buffer/-/safe-buffer-5.2.1.tgz"

safer-buffer@^2.0.2, safer-buffer@^2.1.0, safer-buffer@~2.1.0:
  version "2.1.2"
  resolved "https://registry.npmjs.org/safer-buffer/-/safer-buffer-2.1.2.tgz"

sshpk@^1.7.0:
  version "1.17.0"
  resolved "https://registry.npmjs.org/sshpk/-/sshpk-1.17.0.tgz"
  dependencies:
    asn1 "~0.2.3"
    assert-plus "^1.0.0"
    bcrypt-pbkdf "^1.0.0"
    dashdash "^1.12.0"
    ecc-jsbn "~0.1.1"
    getpass "^0.1.1"
    jsbn "~0.1.0"
    safer-buffer "^2.0.2"
    tweetnacl "~0.14.0"

tough-cookie@~2.5.0:
  version "2.5.0"
  resolved "https://registry.npmjs.org/tough-cookie/-/tough-cookie-2.5.0.tgz"
  dependencies:
    psl "^1.1.28"
    punycode "^2.1.1"

ts-node@^10.7.0:
  version "10.7.0"
  resolved "https://registry.npmjs.org/ts-node/-/ts-node-10.7.0.tgz"
  dependencies:
    "@cspotcode/source-map-support" "0.7.0"
    "@tsconfig/node10" "^1.0.7"
    "@tsconfig/node12" "^1.0.7"
    "@tsconfig/node14" "^1.0.0"
    "@tsconfig/node16" "^1.0.2"
    acorn "^8.4.1"
    acorn-walk "^8.1.1"
    arg "^4.1.0"
    create-require "^1.1.0"
    diff "^4.0.1"
    make-error "^1.1.1"
    v8-compile-cache-lib "^3.0.0"
    yn "3.1.1"

tslib@^2.1.0:
  version "2.4.0"
  resolved "https://registry.npmjs.org/tslib/-/tslib-2.4.0.tgz"

tunnel-agent@^0.6.0:
  version "0.6.0"
  resolved "https://registry.npmjs.org/tunnel-agent/-/tunnel-agent-0.6.0.tgz"
  dependencies:
    safe-buffer "^5.0.1"

tweetnacl@1.x.x, tweetnacl@^1.0.3:
  version "1.0.3"
  resolved "https://registry.npmjs.org/tweetnacl/-/tweetnacl-1.0.3.tgz"

tweetnacl@^0.14.3, tweetnacl@~0.14.0:
  version "0.14.5"
  resolved "https://registry.npmjs.org/tweetnacl/-/tweetnacl-0.14.5.tgz"

type@^1.0.1:
  version "1.2.0"
  resolved "https://registry.npmjs.org/type/-/type-1.2.0.tgz"

type@^2.5.0:
  version "2.6.0"
  resolved "https://registry.npmjs.org/type/-/type-2.6.0.tgz"

typedarray-to-buffer@^3.1.5:
  version "3.1.5"
  resolved "https://registry.npmjs.org/typedarray-to-buffer/-/typedarray-to-buffer-3.1.5.tgz"
  dependencies:
    is-typedarray "^1.0.0"

uri-js@^4.2.2:
  version "4.4.1"
  resolved "https://registry.npmjs.org/uri-js/-/uri-js-4.4.1.tgz"
  dependencies:
    punycode "^2.1.0"

utf-8-validate@^5.0.2:
  version "5.0.9"
  resolved "https://registry.npmjs.org/utf-8-validate/-/utf-8-validate-5.0.9.tgz"
  dependencies:
    node-gyp-build "^4.3.0"

uuid@^3.3.2:
  version "3.4.0"
  resolved "https://registry.npmjs.org/uuid/-/uuid-3.4.0.tgz"

v8-compile-cache-lib@^3.0.0:
  version "3.0.1"
  resolved "https://registry.npmjs.org/v8-compile-cache-lib/-/v8-compile-cache-lib-3.0.1.tgz"

verror@1.10.0:
  version "1.10.0"
  resolved "https://registry.npmjs.org/verror/-/verror-1.10.0.tgz"
  dependencies:
    assert-plus "^1.0.0"
    core-util-is "1.0.2"
    extsprintf "^1.2.0"

web-streams-polyfill@^3.0.3:
  version "3.2.0"
  resolved "https://registry.npmjs.org/web-streams-polyfill/-/web-streams-polyfill-3.2.0.tgz"

websocket@^1.0.32, websocket@^1.0.34:
  version "1.0.34"
  resolved "https://registry.npmjs.org/websocket/-/websocket-1.0.34.tgz"
  dependencies:
    bufferutil "^4.0.1"
    debug "^2.2.0"
    es5-ext "^0.10.50"
    typedarray-to-buffer "^3.1.5"
    utf-8-validate "^5.0.2"
    yaeti "^0.0.6"

yaeti@^0.0.6:
  version "0.0.6"
  resolved "https://registry.npmjs.org/yaeti/-/yaeti-0.0.6.tgz"

yn@3.1.1:
  version "3.1.1"
  resolved "https://registry.npmjs.org/yn/-/yn-3.1.1.tgz"
